
Microsoft Visual Studio Solution File, Format Version 12.00
# Visual Studio Version 17
VisualStudioVersion = 17.8.34130.188
MinimumVisualStudioVersion = 10.0.40219.1
Project("{FAE04EC0-301F-11D3-BF4B-00C04F79EFBC}") = "Bhengu.Finance.Payments.Core", "Bhengu.Finance.Payments.Core\Bhengu.Finance.Payments.Core.csproj", "{C0A37B60-6468-4EBE-9E01-8DF3508F30E8}"
EndProject
Project("{FAE04EC0-301F-11D3-BF4B-00C04F79EFBC}") = "Bhengu.Finance.Payments.PayFast", "Bhengu.Finance.Payments.PayFast\Bhengu.Finance.Payments.PayFast.csproj", "{232AEC5A-2780-4E4E-BB25-30CC899BFF87}"
EndProject
Project("{FAE04EC0-301F-11D3-BF4B-00C04F79EFBC}") = "Bhengu.Finance.Payments.GooglePay", "Bhengu.Finance.Payments.Google\Bhengu.Finance.Payments.GooglePay.csproj", "{B046CCE6-0398-420F-AD95-380966E1377E}"
EndProject
Project("{FAE04EC0-301F-11D3-BF4B-00C04F79EFBC}") = "Bhengu.Finance.Payments.ApplePay", "Bhengu.Finance.Payments.ApplePay\Bhengu.Finance.Payments.ApplePay.csproj", "{4718CAAA-FCC4-4F7A-8D37-42AD4ABDD5C7}"
EndProject
Project("{FAE04EC0-301F-11D3-BF4B-00C04F79EFBC}") = "Bhengu.Finance.Payments.BricsPay", "Bhengu.Finance.Payments.BricsPay\Bhengu.Finance.Payments.BricsPay.csproj", "{0A6728CB-1CF7-48D4-B470-D3592F162A79}"
EndProject
Project("{FAE04EC0-301F-11D3-BF4B-00C04F79EFBC}") = "Bhengu.Finance.Payments.Swagger", "Bhengu.Finance.Payments.Swagger\Bhengu.Finance.Payments.Swagger.csproj", "{3C671916-BDAA-468E-973D-8CCB40BDE2DC}"
EndProject
Project("{FAE04EC0-301F-11D3-BF4B-00C04F79EFBC}") = "Bhengu.Finance.Payments.ApiHost", "Bhengu.Finance.Payments.ApiHost\Bhengu.Finance.Payments.ApiHost.csproj", "{55CFBB9D-ACE4-4CEC-8B68-90A2ADB1103E}"
EndProject
Project("{FAE04EC0-301F-11D3-BF4B-00C04F79EFBC}") = "Bhengu.Finance.Payments.Tests", "Bhengu.Finance.Payments.Tests\Bhengu.Finance.Payments.Tests.csproj", "{1D05EBFD-4E3F-4F1A-84DB-5CA2A6C2346E}"
EndProject
Project("{FAE04EC0-301F-11D3-BF4B-00C04F79EFBC}") = "Bhengu.Finance.Payments.IntegrationTests", "Bhengu.Finance.Payments.IntegrationTests\Bhengu.Finance.Payments.IntegrationTests.csproj", "{02A94F52-FC75-40A2-9EF6-4D5476A36180}"
EndProject
Project("{FAE04EC0-301F-11D3-BF4B-00C04F79EFBC}") = "Bhengu.Finance.Payments.All", "Bhengu.Finance.Payments.All\Bhengu.Finance.Payments.All.csproj", "{0A68E649-F5BA-4BC3-B61A-15B00C469CB1}"
EndProject
Project("{FAE04EC0-301F-11D3-BF4B-00C04F79EFBC}") = "Bhengu.Finance.Payments.PayShap", "Bhengu.Finance.Payments.PayShap\Bhengu.Finance.Payments.PayShap.csproj", "{35DF1612-7E5C-4CC3-A2FF-499A1E3EEAEE}"
EndProject
Project("{FAE04EC0-301F-11D3-BF4B-00C04F79EFBC}") = "Bhengu.Finance.Payments.Stripe", "Bhengu.Finance.Payments.Stripe\Bhengu.Finance.Payments.Stripe.csproj", "{1605EF89-0552-497C-94D5-D3A6F0F1E3A7}"
EndProject
Project("{FAE04EC0-301F-11D3-BF4B-00C04F79EFBC}") = "Bhengu.Finance.Payments.Yoco", "Bhengu.Finance.Payments.Yoco\Bhengu.Finance.Payments.Yoco.csproj", "{FFFF1D00-27A6-4263-B156-45800FAC9527}"
EndProject
Project("{FAE04EC0-301F-11D3-BF4B-00C04F79EFBC}") = "Bhengu.Finance.Payments.Paystack", "Bhengu.Finance.Payments.Paystack\Bhengu.Finance.Payments.Paystack.csproj", "{3EDBC745-0909-4191-AF87-8E83AB65CADD}"
EndProject
Project("{FAE04EC0-301F-11D3-BF4B-00C04F79EFBC}") = "Bhengu.Finance.Payments.PayJustNow", "Bhengu.Finance.Payments.PayJustNow\Bhengu.Finance.Payments.PayJustNow.csproj", "{32546AC3-7CAE-4428-9131-DDED3B642CE5}"
EndProject
Project("{FAE04EC0-301F-11D3-BF4B-00C04F79EFBC}") = "Bhengu.Finance.Payments.Ozow", "Bhengu.Finance.Payments.Ozow\Bhengu.Finance.Payments.Ozow.csproj", "{9EF68EC4-4BE6-4AB8-804E-2176A0ED86C2}"
EndProject
Project("{FAE04EC0-301F-11D3-BF4B-00C04F79EFBC}") = "Bhengu.Finance.Payments.MPesa", "Bhengu.Finance.Payments.MPesa\Bhengu.Finance.Payments.MPesa.csproj", "{1AC932C5-30D4-479F-8192-DAFA6B018AA9}"
EndProject
Project("{FAE04EC0-301F-11D3-BF4B-00C04F79EFBC}") = "Bhengu.Finance.Payments.MTNMoMo", "Bhengu.Finance.Payments.MTNMoMo\Bhengu.Finance.Payments.MTNMoMo.csproj", "{30493A5D-F8B7-4429-B61F-7CDC612D4A53}"
EndProject
Project("{FAE04EC0-301F-11D3-BF4B-00C04F79EFBC}") = "Bhengu.Finance.Payments.AirtelMoney", "Bhengu.Finance.Payments.AirtelMoney\Bhengu.Finance.Payments.AirtelMoney.csproj", "{EC0EBE65-D4F5-4F58-94E8-969874F6D6D1}"
EndProject
Project("{FAE04EC0-301F-11D3-BF4B-00C04F79EFBC}") = "Bhengu.Finance.Payments.OrangeMoney", "Bhengu.Finance.Payments.OrangeMoney\Bhengu.Finance.Payments.OrangeMoney.csproj", "{2A8E5BB1-75E3-4B40-AEA4-09F69E768D3F}"
EndProject
Project("{FAE04EC0-301F-11D3-BF4B-00C04F79EFBC}") = "Bhengu.Finance.Payments.Interswitch", "Bhengu.Finance.Payments.Interswitch\Bhengu.Finance.Payments.Interswitch.csproj", "{EDE976AB-AD5B-4E38-A691-C69F11A5E94D}"
EndProject
Project("{FAE04EC0-301F-11D3-BF4B-00C04F79EFBC}") = "Bhengu.Finance.Payments.OPay", "Bhengu.Finance.Payments.OPay\Bhengu.Finance.Payments.OPay.csproj", "{5A447DA1-0A5B-4340-A3EB-AC70FEAE302E}"
EndProject
Project("{FAE04EC0-301F-11D3-BF4B-00C04F79EFBC}") = "Bhengu.Finance.Payments.Moniepoint", "Bhengu.Finance.Payments.Moniepoint\Bhengu.Finance.Payments.Moniepoint.csproj", "{15B4D99E-261A-4BCD-A53F-D9F64D3201C0}"
EndProject
Project("{FAE04EC0-301F-11D3-BF4B-00C04F79EFBC}") = "Bhengu.Finance.Payments.ChipperCash", "Bhengu.Finance.Payments.ChipperCash\Bhengu.Finance.Payments.ChipperCash.csproj", "{3A92007F-ED8F-4156-8699-BA497B6520EF}"
EndProject
Project("{FAE04EC0-301F-11D3-BF4B-00C04F79EFBC}") = "Bhengu.Finance.Payments.Wave", "Bhengu.Finance.Payments.Wave\Bhengu.Finance.Payments.Wave.csproj", "{38701EB0-0820-47CF-802B-0C25A1E247C9}"
EndProject
Project("{FAE04EC0-301F-11D3-BF4B-00C04F79EFBC}") = "Bhengu.Finance.Payments.EcoCash", "Bhengu.Finance.Payments.EcoCash\Bhengu.Finance.Payments.EcoCash.csproj", "{D678AFE5-5C95-4BAC-8EBB-16E6D48721EA}"
EndProject
Project("{FAE04EC0-301F-11D3-BF4B-00C04F79EFBC}") = "Bhengu.Finance.Payments.Flutterwave", "Bhengu.Finance.Payments.Flutterwave\Bhengu.Finance.Payments.Flutterwave.csproj", "{65AD7A4D-6F70-4F15-A81E-EACEA5B7880F}"
EndProject
Project("{FAE04EC0-301F-11D3-BF4B-00C04F79EFBC}") = "Bhengu.Finance.Payments.Cellulant", "Bhengu.Finance.Payments.Cellulant\Bhengu.Finance.Payments.Cellulant.csproj", "{78A48CB7-182A-4E74-BB62-A87DE304AA75}"
EndProject
Project("{FAE04EC0-301F-11D3-BF4B-00C04F79EFBC}") = "Bhengu.Finance.Payments.DPO", "Bhengu.Finance.Payments.DPO\Bhengu.Finance.Payments.DPO.csproj", "{EDDDCFD9-F291-4453-913D-71C586B396ED}"
EndProject
Project("{FAE04EC0-301F-11D3-BF4B-00C04F79EFBC}") = "Bhengu.Finance.Payments.Onafriq", "Bhengu.Finance.Payments.Onafriq\Bhengu.Finance.Payments.Onafriq.csproj", "{C4EB59B1-6D72-4834-852D-DC09BC901171}"
EndProject
Project("{FAE04EC0-301F-11D3-BF4B-00C04F79EFBC}") = "Bhengu.Finance.Payments.Fawry", "Bhengu.Finance.Payments.Fawry\Bhengu.Finance.Payments.Fawry.csproj", "{6E348B37-9F34-4F1C-8629-79E63BB89EF5}"
EndProject
Project("{FAE04EC0-301F-11D3-BF4B-00C04F79EFBC}") = "Bhengu.Finance.Payments.Paymob", "Bhengu.Finance.Payments.Paymob\Bhengu.Finance.Payments.Paymob.csproj", "{7C29B023-D364-4956-822E-481743736AB5}"
EndProject
Project("{FAE04EC0-301F-11D3-BF4B-00C04F79EFBC}") = "Bhengu.Finance.Payments.Kashier", "Bhengu.Finance.Payments.Kashier\Bhengu.Finance.Payments.Kashier.csproj", "{C72AA7AA-74EE-4407-8598-1DD655583D9C}"
EndProject
Project("{FAE04EC0-301F-11D3-BF4B-00C04F79EFBC}") = "Bhengu.Finance.Payments.CMI", "Bhengu.Finance.Payments.CMI\Bhengu.Finance.Payments.CMI.csproj", "{F9ADF21E-08E5-40C7-8DF5-CFAC84B19F78}"
EndProject
Project("{FAE04EC0-301F-11D3-BF4B-00C04F79EFBC}") = "Bhengu.Finance.Payments.Remita", "Bhengu.Finance.Payments.Remita\Bhengu.Finance.Payments.Remita.csproj", "{89A8204B-1B54-4767-8E7F-5949F294CE42}"
EndProject
Project("{FAE04EC0-301F-11D3-BF4B-00C04F79EFBC}") = "Bhengu.Finance.Payments.Mukuru", "Bhengu.Finance.Payments.Mukuru\Bhengu.Finance.Payments.Mukuru.csproj", "{E05EE61B-9E4F-4735-917D-AC342240B02F}"
EndProject
Project("{FAE04EC0-301F-11D3-BF4B-00C04F79EFBC}") = "Bhengu.Finance.Payments.TymeBank", "Bhengu.Finance.Payments.TymeBank\Bhengu.Finance.Payments.TymeBank.csproj", "{96F2ADA3-BC34-4173-AF7C-77F6FFE2EEFA}"
EndProject
Project("{FAE04EC0-301F-11D3-BF4B-00C04F79EFBC}") = "Bhengu.Finance.Payments.Stitch", "Bhengu.Finance.Payments.Stitch\Bhengu.Finance.Payments.Stitch.csproj", "{CAA5F102-4CD5-4123-BA45-5AFE829476B8}"
EndProject
Project("{FAE04EC0-301F-11D3-BF4B-00C04F79EFBC}") = "Bhengu.Finance.Payments.Pesapal", "Bhengu.Finance.Payments.Pesapal\Bhengu.Finance.Payments.Pesapal.csproj", "{029B57FA-EA6A-4A9A-B092-B509F6939118}"
EndProject
Project("{FAE04EC0-301F-11D3-BF4B-00C04F79EFBC}") = "Bhengu.Finance.Payments.IPay", "Bhengu.Finance.Payments.IPay\Bhengu.Finance.Payments.IPay.csproj", "{02B6B1BC-343A-49CA-A28B-28D1754B7F45}"
EndProject
Project("{FAE04EC0-301F-11D3-BF4B-00C04F79EFBC}") = "Bhengu.Finance.Payments.JamboPay", "Bhengu.Finance.Payments.JamboPay\Bhengu.Finance.Payments.JamboPay.csproj", "{243F9148-1B22-4824-9968-370D67D1C852}"
EndProject
Project("{FAE04EC0-301F-11D3-BF4B-00C04F79EFBC}") = "Bhengu.Finance.Payments.Hubtel", "Bhengu.Finance.Payments.Hubtel\Bhengu.Finance.Payments.Hubtel.csproj", "{7DE6C3B1-5A55-43F5-A3E8-D9E1F9FC1E92}"
EndProject
Project("{FAE04EC0-301F-11D3-BF4B-00C04F79EFBC}") = "Bhengu.Finance.Payments.ExpressPay", "Bhengu.Finance.Payments.ExpressPay\Bhengu.Finance.Payments.ExpressPay.csproj", "{BBDC33D3-ABED-416B-AB85-5AC235CE7CA2}"
EndProject
Project("{FAE04EC0-301F-11D3-BF4B-00C04F79EFBC}") = "Bhengu.Finance.Payments.Slydepay", "Bhengu.Finance.Payments.Slydepay\Bhengu.Finance.Payments.Slydepay.csproj", "{0AC2B124-151A-417A-AC36-60F3D4EFC41D}"
EndProject
Project("{FAE04EC0-301F-11D3-BF4B-00C04F79EFBC}") = "Bhengu.Finance.Payments.MercadoPago", "Bhengu.Finance.Payments.MercadoPago\Bhengu.Finance.Payments.MercadoPago.csproj", "{D525CC9F-3FA2-426E-BEBE-67ABE2CD61C7}"
EndProject
Project("{FAE04EC0-301F-11D3-BF4B-00C04F79EFBC}") = "Bhengu.Finance.Payments.PagSeguro", "Bhengu.Finance.Payments.PagSeguro\Bhengu.Finance.Payments.PagSeguro.csproj", "{86D5CD97-AAB4-4940-B8F2-89397413610F}"
EndProject
Project("{FAE04EC0-301F-11D3-BF4B-00C04F79EFBC}") = "Bhengu.Finance.Payments.Alipay", "Bhengu.Finance.Payments.Alipay\Bhengu.Finance.Payments.Alipay.csproj", "{9A835506-2287-41EB-A337-751801BBB44B}"
EndProject
Project("{FAE04EC0-301F-11D3-BF4B-00C04F79EFBC}") = "Bhengu.Finance.Payments.WeChatPay", "Bhengu.Finance.Payments.WeChatPay\Bhengu.Finance.Payments.WeChatPay.csproj", "{4B54673F-2E4B-4FD6-BEEE-5C952D336195}"
EndProject
Project("{FAE04EC0-301F-11D3-BF4B-00C04F79EFBC}") = "Bhengu.Finance.Payments.UnionPay", "Bhengu.Finance.Payments.UnionPay\Bhengu.Finance.Payments.UnionPay.csproj", "{20BDB7F7-0C2A-445C-9238-EDB62B3F49A7}"
EndProject
Project("{FAE04EC0-301F-11D3-BF4B-00C04F79EFBC}") = "Bhengu.Finance.Payments.Razorpay", "Bhengu.Finance.Payments.Razorpay\Bhengu.Finance.Payments.Razorpay.csproj", "{B16B358A-83ED-41E9-A2F8-2CE0DF07A940}"
EndProject
Project("{FAE04EC0-301F-11D3-BF4B-00C04F79EFBC}") = "Bhengu.Finance.Payments.PayUIndia", "Bhengu.Finance.Payments.PayUIndia\Bhengu.Finance.Payments.PayUIndia.csproj", "{E0DDE9F0-5F6C-467E-81E8-4E8748E112EA}"
EndProject
Project("{FAE04EC0-301F-11D3-BF4B-00C04F79EFBC}") = "Bhengu.Finance.Payments.Paytm", "Bhengu.Finance.Payments.Paytm\Bhengu.Finance.Payments.Paytm.csproj", "{0C394F88-4AD7-466E-8EAF-E75BDABE4BE9}"
EndProject
Global
	GlobalSection(SolutionConfigurationPlatforms) = preSolution
		Debug|Any CPU = Debug|Any CPU
		Debug|x64 = Debug|x64
		Debug|x86 = Debug|x86
		Release|Any CPU = Release|Any CPU
		Release|x64 = Release|x64
		Release|x86 = Release|x86
	EndGlobalSection
	GlobalSection(ProjectConfigurationPlatforms) = postSolution
		{C0A37B60-6468-4EBE-9E01-8DF3508F30E8}.Debug|Any CPU.ActiveCfg = Debug|Any CPU
		{C0A37B60-6468-4EBE-9E01-8DF3508F30E8}.Debug|Any CPU.Build.0 = Debug|Any CPU
		{C0A37B60-6468-4EBE-9E01-8DF3508F30E8}.Debug|x64.ActiveCfg = Debug|Any CPU
		{C0A37B60-6468-4EBE-9E01-8DF3508F30E8}.Debug|x64.Build.0 = Debug|Any CPU
		{C0A37B60-6468-4EBE-9E01-8DF3508F30E8}.Debug|x86.ActiveCfg = Debug|Any CPU
		{C0A37B60-6468-4EBE-9E01-8DF3508F30E8}.Debug|x86.Build.0 = Debug|Any CPU
		{C0A37B60-6468-4EBE-9E01-8DF3508F30E8}.Release|Any CPU.ActiveCfg = Release|Any CPU
		{C0A37B60-6468-4EBE-9E01-8DF3508F30E8}.Release|Any CPU.Build.0 = Release|Any CPU
		{C0A37B60-6468-4EBE-9E01-8DF3508F30E8}.Release|x64.ActiveCfg = Release|Any CPU
		{C0A37B60-6468-4EBE-9E01-8DF3508F30E8}.Release|x64.Build.0 = Release|Any CPU
		{C0A37B60-6468-4EBE-9E01-8DF3508F30E8}.Release|x86.ActiveCfg = Release|Any CPU
		{C0A37B60-6468-4EBE-9E01-8DF3508F30E8}.Release|x86.Build.0 = Release|Any CPU
		{232AEC5A-2780-4E4E-BB25-30CC899BFF87}.Debug|Any CPU.ActiveCfg = Debug|Any CPU
		{232AEC5A-2780-4E4E-BB25-30CC899BFF87}.Debug|Any CPU.Build.0 = Debug|Any CPU
		{232AEC5A-2780-4E4E-BB25-30CC899BFF87}.Debug|x64.ActiveCfg = Debug|Any CPU
		{232AEC5A-2780-4E4E-BB25-30CC899BFF87}.Debug|x64.Build.0 = Debug|Any CPU
		{232AEC5A-2780-4E4E-BB25-30CC899BFF87}.Debug|x86.ActiveCfg = Debug|Any CPU
		{232AEC5A-2780-4E4E-BB25-30CC899BFF87}.Debug|x86.Build.0 = Debug|Any CPU
		{232AEC5A-2780-4E4E-BB25-30CC899BFF87}.Release|Any CPU.ActiveCfg = Release|Any CPU
		{232AEC5A-2780-4E4E-BB25-30CC899BFF87}.Release|Any CPU.Build.0 = Release|Any CPU
		{232AEC5A-2780-4E4E-BB25-30CC899BFF87}.Release|x64.ActiveCfg = Release|Any CPU
		{232AEC5A-2780-4E4E-BB25-30CC899BFF87}.Release|x64.Build.0 = Release|Any CPU
		{232AEC5A-2780-4E4E-BB25-30CC899BFF87}.Release|x86.ActiveCfg = Release|Any CPU
		{232AEC5A-2780-4E4E-BB25-30CC899BFF87}.Release|x86.Build.0 = Release|Any CPU
		{B046CCE6-0398-420F-AD95-380966E1377E}.Debug|Any CPU.ActiveCfg = Debug|Any CPU
		{B046CCE6-0398-420F-AD95-380966E1377E}.Debug|Any CPU.Build.0 = Debug|Any CPU
		{B046CCE6-0398-420F-AD95-380966E1377E}.Debug|x64.ActiveCfg = Debug|Any CPU
		{B046CCE6-0398-420F-AD95-380966E1377E}.Debug|x64.Build.0 = Debug|Any CPU
		{B046CCE6-0398-420F-AD95-380966E1377E}.Debug|x86.ActiveCfg = Debug|Any CPU
		{B046CCE6-0398-420F-AD95-380966E1377E}.Debug|x86.Build.0 = Debug|Any CPU
		{B046CCE6-0398-420F-AD95-380966E1377E}.Release|Any CPU.ActiveCfg = Release|Any CPU
		{B046CCE6-0398-420F-AD95-380966E1377E}.Release|Any CPU.Build.0 = Release|Any CPU
		{B046CCE6-0398-420F-AD95-380966E1377E}.Release|x64.ActiveCfg = Release|Any CPU
		{B046CCE6-0398-420F-AD95-380966E1377E}.Release|x64.Build.0 = Release|Any CPU
		{B046CCE6-0398-420F-AD95-380966E1377E}.Release|x86.ActiveCfg = Release|Any CPU
		{B046CCE6-0398-420F-AD95-380966E1377E}.Release|x86.Build.0 = Release|Any CPU
		{4718CAAA-FCC4-4F7A-8D37-42AD4ABDD5C7}.Debug|Any CPU.ActiveCfg = Debug|Any CPU
		{4718CAAA-FCC4-4F7A-8D37-42AD4ABDD5C7}.Debug|Any CPU.Build.0 = Debug|Any CPU
		{4718CAAA-FCC4-4F7A-8D37-42AD4ABDD5C7}.Debug|x64.ActiveCfg = Debug|Any CPU
		{4718CAAA-FCC4-4F7A-8D37-42AD4ABDD5C7}.Debug|x64.Build.0 = Debug|Any CPU
		{4718CAAA-FCC4-4F7A-8D37-42AD4ABDD5C7}.Debug|x86.ActiveCfg = Debug|Any CPU
		{4718CAAA-FCC4-4F7A-8D37-42AD4ABDD5C7}.Debug|x86.Build.0 = Debug|Any CPU
		{4718CAAA-FCC4-4F7A-8D37-42AD4ABDD5C7}.Release|Any CPU.ActiveCfg = Release|Any CPU
		{4718CAAA-FCC4-4F7A-8D37-42AD4ABDD5C7}.Release|Any CPU.Build.0 = Release|Any CPU
		{4718CAAA-FCC4-4F7A-8D37-42AD4ABDD5C7}.Release|x64.ActiveCfg = Release|Any CPU
		{4718CAAA-FCC4-4F7A-8D37-42AD4ABDD5C7}.Release|x64.Build.0 = Release|Any CPU
		{4718CAAA-FCC4-4F7A-8D37-42AD4ABDD5C7}.Release|x86.ActiveCfg = Release|Any CPU
		{4718CAAA-FCC4-4F7A-8D37-42AD4ABDD5C7}.Release|x86.Build.0 = Release|Any CPU
		{0A6728CB-1CF7-48D4-B470-D3592F162A79}.Debug|Any CPU.ActiveCfg = Debug|Any CPU
		{0A6728CB-1CF7-48D4-B470-D3592F162A79}.Debug|Any CPU.Build.0 = Debug|Any CPU
		{0A6728CB-1CF7-48D4-B470-D3592F162A79}.Debug|x64.ActiveCfg = Debug|Any CPU
		{0A6728CB-1CF7-48D4-B470-D3592F162A79}.Debug|x64.Build.0 = Debug|Any CPU
		{0A6728CB-1CF7-48D4-B470-D3592F162A79}.Debug|x86.ActiveCfg = Debug|Any CPU
		{0A6728CB-1CF7-48D4-B470-D3592F162A79}.Debug|x86.Build.0 = Debug|Any CPU
		{0A6728CB-1CF7-48D4-B470-D3592F162A79}.Release|Any CPU.ActiveCfg = Release|Any CPU
		{0A6728CB-1CF7-48D4-B470-D3592F162A79}.Release|Any CPU.Build.0 = Release|Any CPU
		{0A6728CB-1CF7-48D4-B470-D3592F162A79}.Release|x64.ActiveCfg = Release|Any CPU
		{0A6728CB-1CF7-48D4-B470-D3592F162A79}.Release|x64.Build.0 = Release|Any CPU
		{0A6728CB-1CF7-48D4-B470-D3592F162A79}.Release|x86.ActiveCfg = Release|Any CPU
		{0A6728CB-1CF7-48D4-B470-D3592F162A79}.Release|x86.Build.0 = Release|Any CPU
		{3C671916-BDAA-468E-973D-8CCB40BDE2DC}.Debug|Any CPU.ActiveCfg = Debug|Any CPU
		{3C671916-BDAA-468E-973D-8CCB40BDE2DC}.Debug|Any CPU.Build.0 = Debug|Any CPU
		{3C671916-BDAA-468E-973D-8CCB40BDE2DC}.Debug|x64.ActiveCfg = Debug|Any CPU
		{3C671916-BDAA-468E-973D-8CCB40BDE2DC}.Debug|x64.Build.0 = Debug|Any CPU
		{3C671916-BDAA-468E-973D-8CCB40BDE2DC}.Debug|x86.ActiveCfg = Debug|Any CPU
		{3C671916-BDAA-468E-973D-8CCB40BDE2DC}.Debug|x86.Build.0 = Debug|Any CPU
		{3C671916-BDAA-468E-973D-8CCB40BDE2DC}.Release|Any CPU.ActiveCfg = Release|Any CPU
		{3C671916-BDAA-468E-973D-8CCB40BDE2DC}.Release|Any CPU.Build.0 = Release|Any CPU
		{3C671916-BDAA-468E-973D-8CCB40BDE2DC}.Release|x64.ActiveCfg = Release|Any CPU
		{3C671916-BDAA-468E-973D-8CCB40BDE2DC}.Release|x64.Build.0 = Release|Any CPU
		{3C671916-BDAA-468E-973D-8CCB40BDE2DC}.Release|x86.ActiveCfg = Release|Any CPU
		{3C671916-BDAA-468E-973D-8CCB40BDE2DC}.Release|x86.Build.0 = Release|Any CPU
		{55CFBB9D-ACE4-4CEC-8B68-90A2ADB1103E}.Debug|Any CPU.ActiveCfg = Debug|Any CPU
		{55CFBB9D-ACE4-4CEC-8B68-90A2ADB1103E}.Debug|Any CPU.Build.0 = Debug|Any CPU
		{55CFBB9D-ACE4-4CEC-8B68-90A2ADB1103E}.Debug|x64.ActiveCfg = Debug|Any CPU
		{55CFBB9D-ACE4-4CEC-8B68-90A2ADB1103E}.Debug|x64.Build.0 = Debug|Any CPU
		{55CFBB9D-ACE4-4CEC-8B68-90A2ADB1103E}.Debug|x86.ActiveCfg = Debug|Any CPU
		{55CFBB9D-ACE4-4CEC-8B68-90A2ADB1103E}.Debug|x86.Build.0 = Debug|Any CPU
		{55CFBB9D-ACE4-4CEC-8B68-90A2ADB1103E}.Release|Any CPU.ActiveCfg = Release|Any CPU
		{55CFBB9D-ACE4-4CEC-8B68-90A2ADB1103E}.Release|Any CPU.Build.0 = Release|Any CPU
		{55CFBB9D-ACE4-4CEC-8B68-90A2ADB1103E}.Release|x64.ActiveCfg = Release|Any CPU
		{55CFBB9D-ACE4-4CEC-8B68-90A2ADB1103E}.Release|x64.Build.0 = Release|Any CPU
		{55CFBB9D-ACE4-4CEC-8B68-90A2ADB1103E}.Release|x86.ActiveCfg = Release|Any CPU
		{55CFBB9D-ACE4-4CEC-8B68-90A2ADB1103E}.Release|x86.Build.0 = Release|Any CPU
		{1D05EBFD-4E3F-4F1A-84DB-5CA2A6C2346E}.Debug|Any CPU.ActiveCfg = Debug|Any CPU
		{1D05EBFD-4E3F-4F1A-84DB-5CA2A6C2346E}.Debug|Any CPU.Build.0 = Debug|Any CPU
		{1D05EBFD-4E3F-4F1A-84DB-5CA2A6C2346E}.Debug|x64.ActiveCfg = Debug|Any CPU
		{1D05EBFD-4E3F-4F1A-84DB-5CA2A6C2346E}.Debug|x64.Build.0 = Debug|Any CPU
		{1D05EBFD-4E3F-4F1A-84DB-5CA2A6C2346E}.Debug|x86.ActiveCfg = Debug|Any CPU
		{1D05EBFD-4E3F-4F1A-84DB-5CA2A6C2346E}.Debug|x86.Build.0 = Debug|Any CPU
		{1D05EBFD-4E3F-4F1A-84DB-5CA2A6C2346E}.Release|Any CPU.ActiveCfg = Release|Any CPU
		{1D05EBFD-4E3F-4F1A-84DB-5CA2A6C2346E}.Release|Any CPU.Build.0 = Release|Any CPU
		{1D05EBFD-4E3F-4F1A-84DB-5CA2A6C2346E}.Release|x64.ActiveCfg = Release|Any CPU
		{1D05EBFD-4E3F-4F1A-84DB-5CA2A6C2346E}.Release|x64.Build.0 = Release|Any CPU
		{1D05EBFD-4E3F-4F1A-84DB-5CA2A6C2346E}.Release|x86.ActiveCfg = Release|Any CPU
		{1D05EBFD-4E3F-4F1A-84DB-5CA2A6C2346E}.Release|x86.Build.0 = Release|Any CPU
		{02A94F52-FC75-40A2-9EF6-4D5476A36180}.Debug|Any CPU.ActiveCfg = Debug|Any CPU
		{02A94F52-FC75-40A2-9EF6-4D5476A36180}.Debug|Any CPU.Build.0 = Debug|Any CPU
		{02A94F52-FC75-40A2-9EF6-4D5476A36180}.Debug|x64.ActiveCfg = Debug|Any CPU
		{02A94F52-FC75-40A2-9EF6-4D5476A36180}.Debug|x64.Build.0 = Debug|Any CPU
		{02A94F52-FC75-40A2-9EF6-4D5476A36180}.Debug|x86.ActiveCfg = Debug|Any CPU
		{02A94F52-FC75-40A2-9EF6-4D5476A36180}.Debug|x86.Build.0 = Debug|Any CPU
		{02A94F52-FC75-40A2-9EF6-4D5476A36180}.Release|Any CPU.ActiveCfg = Release|Any CPU
		{02A94F52-FC75-40A2-9EF6-4D5476A36180}.Release|Any CPU.Build.0 = Release|Any CPU
		{02A94F52-FC75-40A2-9EF6-4D5476A36180}.Release|x64.ActiveCfg = Release|Any CPU
		{02A94F52-FC75-40A2-9EF6-4D5476A36180}.Release|x64.Build.0 = Release|Any CPU
		{02A94F52-FC75-40A2-9EF6-4D5476A36180}.Release|x86.ActiveCfg = Release|Any CPU
		{02A94F52-FC75-40A2-9EF6-4D5476A36180}.Release|x86.Build.0 = Release|Any CPU
		{0A68E649-F5BA-4BC3-B61A-15B00C469CB1}.Debug|Any CPU.ActiveCfg = Debug|Any CPU
		{0A68E649-F5BA-4BC3-B61A-15B00C469CB1}.Debug|Any CPU.Build.0 = Debug|Any CPU
		{0A68E649-F5BA-4BC3-B61A-15B00C469CB1}.Debug|x64.ActiveCfg = Debug|Any CPU
		{0A68E649-F5BA-4BC3-B61A-15B00C469CB1}.Debug|x64.Build.0 = Debug|Any CPU
		{0A68E649-F5BA-4BC3-B61A-15B00C469CB1}.Debug|x86.ActiveCfg = Debug|Any CPU
		{0A68E649-F5BA-4BC3-B61A-15B00C469CB1}.Debug|x86.Build.0 = Debug|Any CPU
		{0A68E649-F5BA-4BC3-B61A-15B00C469CB1}.Release|Any CPU.ActiveCfg = Release|Any CPU
		{0A68E649-F5BA-4BC3-B61A-15B00C469CB1}.Release|Any CPU.Build.0 = Release|Any CPU
		{0A68E649-F5BA-4BC3-B61A-15B00C469CB1}.Release|x64.ActiveCfg = Release|Any CPU
		{0A68E649-F5BA-4BC3-B61A-15B00C469CB1}.Release|x64.Build.0 = Release|Any CPU
		{0A68E649-F5BA-4BC3-B61A-15B00C469CB1}.Release|x86.ActiveCfg = Release|Any CPU
		{0A68E649-F5BA-4BC3-B61A-15B00C469CB1}.Release|x86.Build.0 = Release|Any CPU
		{35DF1612-7E5C-4CC3-A2FF-499A1E3EEAEE}.Debug|Any CPU.ActiveCfg = Debug|Any CPU
		{35DF1612-7E5C-4CC3-A2FF-499A1E3EEAEE}.Debug|Any CPU.Build.0 = Debug|Any CPU
		{35DF1612-7E5C-4CC3-A2FF-499A1E3EEAEE}.Debug|x64.ActiveCfg = Debug|Any CPU
		{35DF1612-7E5C-4CC3-A2FF-499A1E3EEAEE}.Debug|x64.Build.0 = Debug|Any CPU
		{35DF1612-7E5C-4CC3-A2FF-499A1E3EEAEE}.Debug|x86.ActiveCfg = Debug|Any CPU
		{35DF1612-7E5C-4CC3-A2FF-499A1E3EEAEE}.Debug|x86.Build.0 = Debug|Any CPU
		{35DF1612-7E5C-4CC3-A2FF-499A1E3EEAEE}.Release|Any CPU.ActiveCfg = Release|Any CPU
		{35DF1612-7E5C-4CC3-A2FF-499A1E3EEAEE}.Release|Any CPU.Build.0 = Release|Any CPU
		{35DF1612-7E5C-4CC3-A2FF-499A1E3EEAEE}.Release|x64.ActiveCfg = Release|Any CPU
		{35DF1612-7E5C-4CC3-A2FF-499A1E3EEAEE}.Release|x64.Build.0 = Release|Any CPU
		{35DF1612-7E5C-4CC3-A2FF-499A1E3EEAEE}.Release|x86.ActiveCfg = Release|Any CPU
		{35DF1612-7E5C-4CC3-A2FF-499A1E3EEAEE}.Release|x86.Build.0 = Release|Any CPU
		{1605EF89-0552-497C-94D5-D3A6F0F1E3A7}.Debug|Any CPU.ActiveCfg = Debug|Any CPU
		{1605EF89-0552-497C-94D5-D3A6F0F1E3A7}.Debug|Any CPU.Build.0 = Debug|Any CPU
		{1605EF89-0552-497C-94D5-D3A6F0F1E3A7}.Debug|x64.ActiveCfg = Debug|Any CPU
		{1605EF89-0552-497C-94D5-D3A6F0F1E3A7}.Debug|x64.Build.0 = Debug|Any CPU
		{1605EF89-0552-497C-94D5-D3A6F0F1E3A7}.Debug|x86.ActiveCfg = Debug|Any CPU
		{1605EF89-0552-497C-94D5-D3A6F0F1E3A7}.Debug|x86.Build.0 = Debug|Any CPU
		{1605EF89-0552-497C-94D5-D3A6F0F1E3A7}.Release|Any CPU.ActiveCfg = Release|Any CPU
		{1605EF89-0552-497C-94D5-D3A6F0F1E3A7}.Release|Any CPU.Build.0 = Release|Any CPU
		{1605EF89-0552-497C-94D5-D3A6F0F1E3A7}.Release|x64.ActiveCfg = Release|Any CPU
		{1605EF89-0552-497C-94D5-D3A6F0F1E3A7}.Release|x64.Build.0 = Release|Any CPU
		{1605EF89-0552-497C-94D5-D3A6F0F1E3A7}.Release|x86.ActiveCfg = Release|Any CPU
		{1605EF89-0552-497C-94D5-D3A6F0F1E3A7}.Release|x86.Build.0 = Release|Any CPU
		{FFFF1D00-27A6-4263-B156-45800FAC9527}.Debug|Any CPU.ActiveCfg = Debug|Any CPU
		{FFFF1D00-27A6-4263-B156-45800FAC9527}.Debug|Any CPU.Build.0 = Debug|Any CPU
		{FFFF1D00-27A6-4263-B156-45800FAC9527}.Debug|x64.ActiveCfg = Debug|Any CPU
		{FFFF1D00-27A6-4263-B156-45800FAC9527}.Debug|x64.Build.0 = Debug|Any CPU
		{FFFF1D00-27A6-4263-B156-45800FAC9527}.Debug|x86.ActiveCfg = Debug|Any CPU
		{FFFF1D00-27A6-4263-B156-45800FAC9527}.Debug|x86.Build.0 = Debug|Any CPU
		{FFFF1D00-27A6-4263-B156-45800FAC9527}.Release|Any CPU.ActiveCfg = Release|Any CPU
		{FFFF1D00-27A6-4263-B156-45800FAC9527}.Release|Any CPU.Build.0 = Release|Any CPU
		{FFFF1D00-27A6-4263-B156-45800FAC9527}.Release|x64.ActiveCfg = Release|Any CPU
		{FFFF1D00-27A6-4263-B156-45800FAC9527}.Release|x64.Build.0 = Release|Any CPU
		{FFFF1D00-27A6-4263-B156-45800FAC9527}.Release|x86.ActiveCfg = Release|Any CPU
		{FFFF1D00-27A6-4263-B156-45800FAC9527}.Release|x86.Build.0 = Release|Any CPU
		{3EDBC745-0909-4191-AF87-8E83AB65CADD}.Debug|Any CPU.ActiveCfg = Debug|Any CPU
		{3EDBC745-0909-4191-AF87-8E83AB65CADD}.Debug|Any CPU.Build.0 = Debug|Any CPU
		{3EDBC745-0909-4191-AF87-8E83AB65CADD}.Debug|x64.ActiveCfg = Debug|Any CPU
		{3EDBC745-0909-4191-AF87-8E83AB65CADD}.Debug|x64.Build.0 = Debug|Any CPU
		{3EDBC745-0909-4191-AF87-8E83AB65CADD}.Debug|x86.ActiveCfg = Debug|Any CPU
		{3EDBC745-0909-4191-AF87-8E83AB65CADD}.Debug|x86.Build.0 = Debug|Any CPU
		{3EDBC745-0909-4191-AF87-8E83AB65CADD}.Release|Any CPU.ActiveCfg = Release|Any CPU
		{3EDBC745-0909-4191-AF87-8E83AB65CADD}.Release|Any CPU.Build.0 = Release|Any CPU
		{3EDBC745-0909-4191-AF87-8E83AB65CADD}.Release|x64.ActiveCfg = Release|Any CPU
		{3EDBC745-0909-4191-AF87-8E83AB65CADD}.Release|x64.Build.0 = Release|Any CPU
		{3EDBC745-0909-4191-AF87-8E83AB65CADD}.Release|x86.ActiveCfg = Release|Any CPU
		{3EDBC745-0909-4191-AF87-8E83AB65CADD}.Release|x86.Build.0 = Release|Any CPU
		{32546AC3-7CAE-4428-9131-DDED3B642CE5}.Debug|Any CPU.ActiveCfg = Debug|Any CPU
		{32546AC3-7CAE-4428-9131-DDED3B642CE5}.Debug|Any CPU.Build.0 = Debug|Any CPU
		{32546AC3-7CAE-4428-9131-DDED3B642CE5}.Debug|x64.ActiveCfg = Debug|Any CPU
		{32546AC3-7CAE-4428-9131-DDED3B642CE5}.Debug|x64.Build.0 = Debug|Any CPU
		{32546AC3-7CAE-4428-9131-DDED3B642CE5}.Debug|x86.ActiveCfg = Debug|Any CPU
		{32546AC3-7CAE-4428-9131-DDED3B642CE5}.Debug|x86.Build.0 = Debug|Any CPU
		{32546AC3-7CAE-4428-9131-DDED3B642CE5}.Release|Any CPU.ActiveCfg = Release|Any CPU
		{32546AC3-7CAE-4428-9131-DDED3B642CE5}.Release|Any CPU.Build.0 = Release|Any CPU
		{32546AC3-7CAE-4428-9131-DDED3B642CE5}.Release|x64.ActiveCfg = Release|Any CPU
		{32546AC3-7CAE-4428-9131-DDED3B642CE5}.Release|x64.Build.0 = Release|Any CPU
		{32546AC3-7CAE-4428-9131-DDED3B642CE5}.Release|x86.ActiveCfg = Release|Any CPU
		{32546AC3-7CAE-4428-9131-DDED3B642CE5}.Release|x86.Build.0 = Release|Any CPU
		{9EF68EC4-4BE6-4AB8-804E-2176A0ED86C2}.Debug|Any CPU.ActiveCfg = Debug|Any CPU
		{9EF68EC4-4BE6-4AB8-804E-2176A0ED86C2}.Debug|Any CPU.Build.0 = Debug|Any CPU
		{9EF68EC4-4BE6-4AB8-804E-2176A0ED86C2}.Debug|x64.ActiveCfg = Debug|Any CPU
		{9EF68EC4-4BE6-4AB8-804E-2176A0ED86C2}.Debug|x64.Build.0 = Debug|Any CPU
		{9EF68EC4-4BE6-4AB8-804E-2176A0ED86C2}.Debug|x86.ActiveCfg = Debug|Any CPU
		{9EF68EC4-4BE6-4AB8-804E-2176A0ED86C2}.Debug|x86.Build.0 = Debug|Any CPU
		{9EF68EC4-4BE6-4AB8-804E-2176A0ED86C2}.Release|Any CPU.ActiveCfg = Release|Any CPU
		{9EF68EC4-4BE6-4AB8-804E-2176A0ED86C2}.Release|Any CPU.Build.0 = Release|Any CPU
		{9EF68EC4-4BE6-4AB8-804E-2176A0ED86C2}.Release|x64.ActiveCfg = Release|Any CPU
		{9EF68EC4-4BE6-4AB8-804E-2176A0ED86C2}.Release|x64.Build.0 = Release|Any CPU
		{9EF68EC4-4BE6-4AB8-804E-2176A0ED86C2}.Release|x86.ActiveCfg = Release|Any CPU
		{9EF68EC4-4BE6-4AB8-804E-2176A0ED86C2}.Release|x86.Build.0 = Release|Any CPU
		{1AC932C5-30D4-479F-8192-DAFA6B018AA9}.Debug|Any CPU.ActiveCfg = Debug|Any CPU
		{1AC932C5-30D4-479F-8192-DAFA6B018AA9}.Debug|Any CPU.Build.0 = Debug|Any CPU
		{1AC932C5-30D4-479F-8192-DAFA6B018AA9}.Debug|x64.ActiveCfg = Debug|Any CPU
		{1AC932C5-30D4-479F-8192-DAFA6B018AA9}.Debug|x64.Build.0 = Debug|Any CPU
		{1AC932C5-30D4-479F-8192-DAFA6B018AA9}.Debug|x86.ActiveCfg = Debug|Any CPU
		{1AC932C5-30D4-479F-8192-DAFA6B018AA9}.Debug|x86.Build.0 = Debug|Any CPU
		{1AC932C5-30D4-479F-8192-DAFA6B018AA9}.Release|Any CPU.ActiveCfg = Release|Any CPU
		{1AC932C5-30D4-479F-8192-DAFA6B018AA9}.Release|Any CPU.Build.0 = Release|Any CPU
		{1AC932C5-30D4-479F-8192-DAFA6B018AA9}.Release|x64.ActiveCfg = Release|Any CPU
		{1AC932C5-30D4-479F-8192-DAFA6B018AA9}.Release|x64.Build.0 = Release|Any CPU
		{1AC932C5-30D4-479F-8192-DAFA6B018AA9}.Release|x86.ActiveCfg = Release|Any CPU
		{1AC932C5-30D4-479F-8192-DAFA6B018AA9}.Release|x86.Build.0 = Release|Any CPU
		{30493A5D-F8B7-4429-B61F-7CDC612D4A53}.Debug|Any CPU.ActiveCfg = Debug|Any CPU
		{30493A5D-F8B7-4429-B61F-7CDC612D4A53}.Debug|Any CPU.Build.0 = Debug|Any CPU
		{30493A5D-F8B7-4429-B61F-7CDC612D4A53}.Debug|x64.ActiveCfg = Debug|Any CPU
		{30493A5D-F8B7-4429-B61F-7CDC612D4A53}.Debug|x64.Build.0 = Debug|Any CPU
		{30493A5D-F8B7-4429-B61F-7CDC612D4A53}.Debug|x86.ActiveCfg = Debug|Any CPU
		{30493A5D-F8B7-4429-B61F-7CDC612D4A53}.Debug|x86.Build.0 = Debug|Any CPU
		{30493A5D-F8B7-4429-B61F-7CDC612D4A53}.Release|Any CPU.ActiveCfg = Release|Any CPU
		{30493A5D-F8B7-4429-B61F-7CDC612D4A53}.Release|Any CPU.Build.0 = Release|Any CPU
		{30493A5D-F8B7-4429-B61F-7CDC612D4A53}.Release|x64.ActiveCfg = Release|Any CPU
		{30493A5D-F8B7-4429-B61F-7CDC612D4A53}.Release|x64.Build.0 = Release|Any CPU
		{30493A5D-F8B7-4429-B61F-7CDC612D4A53}.Release|x86.ActiveCfg = Release|Any CPU
		{30493A5D-F8B7-4429-B61F-7CDC612D4A53}.Release|x86.Build.0 = Release|Any CPU
		{EC0EBE65-D4F5-4F58-94E8-969874F6D6D1}.Debug|Any CPU.ActiveCfg = Debug|Any CPU
		{EC0EBE65-D4F5-4F58-94E8-969874F6D6D1}.Debug|Any CPU.Build.0 = Debug|Any CPU
		{EC0EBE65-D4F5-4F58-94E8-969874F6D6D1}.Debug|x64.ActiveCfg = Debug|Any CPU
		{EC0EBE65-D4F5-4F58-94E8-969874F6D6D1}.Debug|x64.Build.0 = Debug|Any CPU
		{EC0EBE65-D4F5-4F58-94E8-969874F6D6D1}.Debug|x86.ActiveCfg = Debug|Any CPU
		{EC0EBE65-D4F5-4F58-94E8-969874F6D6D1}.Debug|x86.Build.0 = Debug|Any CPU
		{EC0EBE65-D4F5-4F58-94E8-969874F6D6D1}.Release|Any CPU.ActiveCfg = Release|Any CPU
		{EC0EBE65-D4F5-4F58-94E8-969874F6D6D1}.Release|Any CPU.Build.0 = Release|Any CPU
		{EC0EBE65-D4F5-4F58-94E8-969874F6D6D1}.Release|x64.ActiveCfg = Release|Any CPU
		{EC0EBE65-D4F5-4F58-94E8-969874F6D6D1}.Release|x64.Build.0 = Release|Any CPU
		{EC0EBE65-D4F5-4F58-94E8-969874F6D6D1}.Release|x86.ActiveCfg = Release|Any CPU
		{EC0EBE65-D4F5-4F58-94E8-969874F6D6D1}.Release|x86.Build.0 = Release|Any CPU
		{2A8E5BB1-75E3-4B40-AEA4-09F69E768D3F}.Debug|Any CPU.ActiveCfg = Debug|Any CPU
		{2A8E5BB1-75E3-4B40-AEA4-09F69E768D3F}.Debug|Any CPU.Build.0 = Debug|Any CPU
		{2A8E5BB1-75E3-4B40-AEA4-09F69E768D3F}.Debug|x64.ActiveCfg = Debug|Any CPU
		{2A8E5BB1-75E3-4B40-AEA4-09F69E768D3F}.Debug|x64.Build.0 = Debug|Any CPU
		{2A8E5BB1-75E3-4B40-AEA4-09F69E768D3F}.Debug|x86.ActiveCfg = Debug|Any CPU
		{2A8E5BB1-75E3-4B40-AEA4-09F69E768D3F}.Debug|x86.Build.0 = Debug|Any CPU
		{2A8E5BB1-75E3-4B40-AEA4-09F69E768D3F}.Release|Any CPU.ActiveCfg = Release|Any CPU
		{2A8E5BB1-75E3-4B40-AEA4-09F69E768D3F}.Release|Any CPU.Build.0 = Release|Any CPU
		{2A8E5BB1-75E3-4B40-AEA4-09F69E768D3F}.Release|x64.ActiveCfg = Release|Any CPU
		{2A8E5BB1-75E3-4B40-AEA4-09F69E768D3F}.Release|x64.Build.0 = Release|Any CPU
		{2A8E5BB1-75E3-4B40-AEA4-09F69E768D3F}.Release|x86.ActiveCfg = Release|Any CPU
		{2A8E5BB1-75E3-4B40-AEA4-09F69E768D3F}.Release|x86.Build.0 = Release|Any CPU
		{EDE976AB-AD5B-4E38-A691-C69F11A5E94D}.Debug|Any CPU.ActiveCfg = Debug|Any CPU
		{EDE976AB-AD5B-4E38-A691-C69F11A5E94D}.Debug|Any CPU.Build.0 = Debug|Any CPU
		{EDE976AB-AD5B-4E38-A691-C69F11A5E94D}.Debug|x64.ActiveCfg = Debug|Any CPU
		{EDE976AB-AD5B-4E38-A691-C69F11A5E94D}.Debug|x64.Build.0 = Debug|Any CPU
		{EDE976AB-AD5B-4E38-A691-C69F11A5E94D}.Debug|x86.ActiveCfg = Debug|Any CPU
		{EDE976AB-AD5B-4E38-A691-C69F11A5E94D}.Debug|x86.Build.0 = Debug|Any CPU
		{EDE976AB-AD5B-4E38-A691-C69F11A5E94D}.Release|Any CPU.ActiveCfg = Release|Any CPU
		{EDE976AB-AD5B-4E38-A691-C69F11A5E94D}.Release|Any CPU.Build.0 = Release|Any CPU
		{EDE976AB-AD5B-4E38-A691-C69F11A5E94D}.Release|x64.ActiveCfg = Release|Any CPU
		{EDE976AB-AD5B-4E38-A691-C69F11A5E94D}.Release|x64.Build.0 = Release|Any CPU
		{EDE976AB-AD5B-4E38-A691-C69F11A5E94D}.Release|x86.ActiveCfg = Release|Any CPU
		{EDE976AB-AD5B-4E38-A691-C69F11A5E94D}.Release|x86.Build.0 = Release|Any CPU
		{5A447DA1-0A5B-4340-A3EB-AC70FEAE302E}.Debug|Any CPU.ActiveCfg = Debug|Any CPU
		{5A447DA1-0A5B-4340-A3EB-AC70FEAE302E}.Debug|Any CPU.Build.0 = Debug|Any CPU
		{5A447DA1-0A5B-4340-A3EB-AC70FEAE302E}.Debug|x64.ActiveCfg = Debug|Any CPU
		{5A447DA1-0A5B-4340-A3EB-AC70FEAE302E}.Debug|x64.Build.0 = Debug|Any CPU
		{5A447DA1-0A5B-4340-A3EB-AC70FEAE302E}.Debug|x86.ActiveCfg = Debug|Any CPU
		{5A447DA1-0A5B-4340-A3EB-AC70FEAE302E}.Debug|x86.Build.0 = Debug|Any CPU
		{5A447DA1-0A5B-4340-A3EB-AC70FEAE302E}.Release|Any CPU.ActiveCfg = Release|Any CPU
		{5A447DA1-0A5B-4340-A3EB-AC70FEAE302E}.Release|Any CPU.Build.0 = Release|Any CPU
		{5A447DA1-0A5B-4340-A3EB-AC70FEAE302E}.Release|x64.ActiveCfg = Release|Any CPU
		{5A447DA1-0A5B-4340-A3EB-AC70FEAE302E}.Release|x64.Build.0 = Release|Any CPU
		{5A447DA1-0A5B-4340-A3EB-AC70FEAE302E}.Release|x86.ActiveCfg = Release|Any CPU
		{5A447DA1-0A5B-4340-A3EB-AC70FEAE302E}.Release|x86.Build.0 = Release|Any CPU
		{15B4D99E-261A-4BCD-A53F-D9F64D3201C0}.Debug|Any CPU.ActiveCfg = Debug|Any CPU
		{15B4D99E-261A-4BCD-A53F-D9F64D3201C0}.Debug|Any CPU.Build.0 = Debug|Any CPU
		{15B4D99E-261A-4BCD-A53F-D9F64D3201C0}.Debug|x64.ActiveCfg = Debug|Any CPU
		{15B4D99E-261A-4BCD-A53F-D9F64D3201C0}.Debug|x64.Build.0 = Debug|Any CPU
		{15B4D99E-261A-4BCD-A53F-D9F64D3201C0}.Debug|x86.ActiveCfg = Debug|Any CPU
		{15B4D99E-261A-4BCD-A53F-D9F64D3201C0}.Debug|x86.Build.0 = Debug|Any CPU
		{15B4D99E-261A-4BCD-A53F-D9F64D3201C0}.Release|Any CPU.ActiveCfg = Release|Any CPU
		{15B4D99E-261A-4BCD-A53F-D9F64D3201C0}.Release|Any CPU.Build.0 = Release|Any CPU
		{15B4D99E-261A-4BCD-A53F-D9F64D3201C0}.Release|x64.ActiveCfg = Release|Any CPU
		{15B4D99E-261A-4BCD-A53F-D9F64D3201C0}.Release|x64.Build.0 = Release|Any CPU
		{15B4D99E-261A-4BCD-A53F-D9F64D3201C0}.Release|x86.ActiveCfg = Release|Any CPU
		{15B4D99E-261A-4BCD-A53F-D9F64D3201C0}.Release|x86.Build.0 = Release|Any CPU
		{3A92007F-ED8F-4156-8699-BA497B6520EF}.Debug|Any CPU.ActiveCfg = Debug|Any CPU
		{3A92007F-ED8F-4156-8699-BA497B6520EF}.Debug|Any CPU.Build.0 = Debug|Any CPU
		{3A92007F-ED8F-4156-8699-BA497B6520EF}.Debug|x64.ActiveCfg = Debug|Any CPU
		{3A92007F-ED8F-4156-8699-BA497B6520EF}.Debug|x64.Build.0 = Debug|Any CPU
		{3A92007F-ED8F-4156-8699-BA497B6520EF}.Debug|x86.ActiveCfg = Debug|Any CPU
		{3A92007F-ED8F-4156-8699-BA497B6520EF}.Debug|x86.Build.0 = Debug|Any CPU
		{3A92007F-ED8F-4156-8699-BA497B6520EF}.Release|Any CPU.ActiveCfg = Release|Any CPU
		{3A92007F-ED8F-4156-8699-BA497B6520EF}.Release|Any CPU.Build.0 = Release|Any CPU
		{3A92007F-ED8F-4156-8699-BA497B6520EF}.Release|x64.ActiveCfg = Release|Any CPU
		{3A92007F-ED8F-4156-8699-BA497B6520EF}.Release|x64.Build.0 = Release|Any CPU
		{3A92007F-ED8F-4156-8699-BA497B6520EF}.Release|x86.ActiveCfg = Release|Any CPU
		{3A92007F-ED8F-4156-8699-BA497B6520EF}.Release|x86.Build.0 = Release|Any CPU
		{38701EB0-0820-47CF-802B-0C25A1E247C9}.Debug|Any CPU.ActiveCfg = Debug|Any CPU
		{38701EB0-0820-47CF-802B-0C25A1E247C9}.Debug|Any CPU.Build.0 = Debug|Any CPU
		{38701EB0-0820-47CF-802B-0C25A1E247C9}.Debug|x64.ActiveCfg = Debug|Any CPU
		{38701EB0-0820-47CF-802B-0C25A1E247C9}.Debug|x64.Build.0 = Debug|Any CPU
		{38701EB0-0820-47CF-802B-0C25A1E247C9}.Debug|x86.ActiveCfg = Debug|Any CPU
		{38701EB0-0820-47CF-802B-0C25A1E247C9}.Debug|x86.Build.0 = Debug|Any CPU
		{38701EB0-0820-47CF-802B-0C25A1E247C9}.Release|Any CPU.ActiveCfg = Release|Any CPU
		{38701EB0-0820-47CF-802B-0C25A1E247C9}.Release|Any CPU.Build.0 = Release|Any CPU
		{38701EB0-0820-47CF-802B-0C25A1E247C9}.Release|x64.ActiveCfg = Release|Any CPU
		{38701EB0-0820-47CF-802B-0C25A1E247C9}.Release|x64.Build.0 = Release|Any CPU
		{38701EB0-0820-47CF-802B-0C25A1E247C9}.Release|x86.ActiveCfg = Release|Any CPU
		{38701EB0-0820-47CF-802B-0C25A1E247C9}.Release|x86.Build.0 = Release|Any CPU
		{D678AFE5-5C95-4BAC-8EBB-16E6D48721EA}.Debug|Any CPU.ActiveCfg = Debug|Any CPU
		{D678AFE5-5C95-4BAC-8EBB-16E6D48721EA}.Debug|Any CPU.Build.0 = Debug|Any CPU
		{D678AFE5-5C95-4BAC-8EBB-16E6D48721EA}.Debug|x64.ActiveCfg = Debug|Any CPU
		{D678AFE5-5C95-4BAC-8EBB-16E6D48721EA}.Debug|x64.Build.0 = Debug|Any CPU
		{D678AFE5-5C95-4BAC-8EBB-16E6D48721EA}.Debug|x86.ActiveCfg = Debug|Any CPU
		{D678AFE5-5C95-4BAC-8EBB-16E6D48721EA}.Debug|x86.Build.0 = Debug|Any CPU
		{D678AFE5-5C95-4BAC-8EBB-16E6D48721EA}.Release|Any CPU.ActiveCfg = Release|Any CPU
		{D678AFE5-5C95-4BAC-8EBB-16E6D48721EA}.Release|Any CPU.Build.0 = Release|Any CPU
		{D678AFE5-5C95-4BAC-8EBB-16E6D48721EA}.Release|x64.ActiveCfg = Release|Any CPU
		{D678AFE5-5C95-4BAC-8EBB-16E6D48721EA}.Release|x64.Build.0 = Release|Any CPU
		{D678AFE5-5C95-4BAC-8EBB-16E6D48721EA}.Release|x86.ActiveCfg = Release|Any CPU
		{D678AFE5-5C95-4BAC-8EBB-16E6D48721EA}.Release|x86.Build.0 = Release|Any CPU
		{65AD7A4D-6F70-4F15-A81E-EACEA5B7880F}.Debug|Any CPU.ActiveCfg = Debug|Any CPU
		{65AD7A4D-6F70-4F15-A81E-EACEA5B7880F}.Debug|Any CPU.Build.0 = Debug|Any CPU
		{65AD7A4D-6F70-4F15-A81E-EACEA5B7880F}.Debug|x64.ActiveCfg = Debug|Any CPU
		{65AD7A4D-6F70-4F15-A81E-EACEA5B7880F}.Debug|x64.Build.0 = Debug|Any CPU
		{65AD7A4D-6F70-4F15-A81E-EACEA5B7880F}.Debug|x86.ActiveCfg = Debug|Any CPU
		{65AD7A4D-6F70-4F15-A81E-EACEA5B7880F}.Debug|x86.Build.0 = Debug|Any CPU
		{65AD7A4D-6F70-4F15-A81E-EACEA5B7880F}.Release|Any CPU.ActiveCfg = Release|Any CPU
		{65AD7A4D-6F70-4F15-A81E-EACEA5B7880F}.Release|Any CPU.Build.0 = Release|Any CPU
		{65AD7A4D-6F70-4F15-A81E-EACEA5B7880F}.Release|x64.ActiveCfg = Release|Any CPU
		{65AD7A4D-6F70-4F15-A81E-EACEA5B7880F}.Release|x64.Build.0 = Release|Any CPU
		{65AD7A4D-6F70-4F15-A81E-EACEA5B7880F}.Release|x86.ActiveCfg = Release|Any CPU
		{65AD7A4D-6F70-4F15-A81E-EACEA5B7880F}.Release|x86.Build.0 = Release|Any CPU
		{78A48CB7-182A-4E74-BB62-A87DE304AA75}.Debug|Any CPU.ActiveCfg = Debug|Any CPU
		{78A48CB7-182A-4E74-BB62-A87DE304AA75}.Debug|Any CPU.Build.0 = Debug|Any CPU
		{78A48CB7-182A-4E74-BB62-A87DE304AA75}.Debug|x64.ActiveCfg = Debug|Any CPU
		{78A48CB7-182A-4E74-BB62-A87DE304AA75}.Debug|x64.Build.0 = Debug|Any CPU
		{78A48CB7-182A-4E74-BB62-A87DE304AA75}.Debug|x86.ActiveCfg = Debug|Any CPU
		{78A48CB7-182A-4E74-BB62-A87DE304AA75}.Debug|x86.Build.0 = Debug|Any CPU
		{78A48CB7-182A-4E74-BB62-A87DE304AA75}.Release|Any CPU.ActiveCfg = Release|Any CPU
		{78A48CB7-182A-4E74-BB62-A87DE304AA75}.Release|Any CPU.Build.0 = Release|Any CPU
		{78A48CB7-182A-4E74-BB62-A87DE304AA75}.Release|x64.ActiveCfg = Release|Any CPU
		{78A48CB7-182A-4E74-BB62-A87DE304AA75}.Release|x64.Build.0 = Release|Any CPU
		{78A48CB7-182A-4E74-BB62-A87DE304AA75}.Release|x86.ActiveCfg = Release|Any CPU
		{78A48CB7-182A-4E74-BB62-A87DE304AA75}.Release|x86.Build.0 = Release|Any CPU
		{EDDDCFD9-F291-4453-913D-71C586B396ED}.Debug|Any CPU.ActiveCfg = Debug|Any CPU
		{EDDDCFD9-F291-4453-913D-71C586B396ED}.Debug|Any CPU.Build.0 = Debug|Any CPU
		{EDDDCFD9-F291-4453-913D-71C586B396ED}.Debug|x64.ActiveCfg = Debug|Any CPU
		{EDDDCFD9-F291-4453-913D-71C586B396ED}.Debug|x64.Build.0 = Debug|Any CPU
		{EDDDCFD9-F291-4453-913D-71C586B396ED}.Debug|x86.ActiveCfg = Debug|Any CPU
		{EDDDCFD9-F291-4453-913D-71C586B396ED}.Debug|x86.Build.0 = Debug|Any CPU
		{EDDDCFD9-F291-4453-913D-71C586B396ED}.Release|Any CPU.ActiveCfg = Release|Any CPU
		{EDDDCFD9-F291-4453-913D-71C586B396ED}.Release|Any CPU.Build.0 = Release|Any CPU
		{EDDDCFD9-F291-4453-913D-71C586B396ED}.Release|x64.ActiveCfg = Release|Any CPU
		{EDDDCFD9-F291-4453-913D-71C586B396ED}.Release|x64.Build.0 = Release|Any CPU
		{EDDDCFD9-F291-4453-913D-71C586B396ED}.Release|x86.ActiveCfg = Release|Any CPU
		{EDDDCFD9-F291-4453-913D-71C586B396ED}.Release|x86.Build.0 = Release|Any CPU
		{C4EB59B1-6D72-4834-852D-DC09BC901171}.Debug|Any CPU.ActiveCfg = Debug|Any CPU
		{C4EB59B1-6D72-4834-852D-DC09BC901171}.Debug|Any CPU.Build.0 = Debug|Any CPU
		{C4EB59B1-6D72-4834-852D-DC09BC901171}.Debug|x64.ActiveCfg = Debug|Any CPU
		{C4EB59B1-6D72-4834-852D-DC09BC901171}.Debug|x64.Build.0 = Debug|Any CPU
		{C4EB59B1-6D72-4834-852D-DC09BC901171}.Debug|x86.ActiveCfg = Debug|Any CPU
		{C4EB59B1-6D72-4834-852D-DC09BC901171}.Debug|x86.Build.0 = Debug|Any CPU
		{C4EB59B1-6D72-4834-852D-DC09BC901171}.Release|Any CPU.ActiveCfg = Release|Any CPU
		{C4EB59B1-6D72-4834-852D-DC09BC901171}.Release|Any CPU.Build.0 = Release|Any CPU
		{C4EB59B1-6D72-4834-852D-DC09BC901171}.Release|x64.ActiveCfg = Release|Any CPU
		{C4EB59B1-6D72-4834-852D-DC09BC901171}.Release|x64.Build.0 = Release|Any CPU
		{C4EB59B1-6D72-4834-852D-DC09BC901171}.Release|x86.ActiveCfg = Release|Any CPU
		{C4EB59B1-6D72-4834-852D-DC09BC901171}.Release|x86.Build.0 = Release|Any CPU
		{6E348B37-9F34-4F1C-8629-79E63BB89EF5}.Debug|Any CPU.ActiveCfg = Debug|Any CPU
		{6E348B37-9F34-4F1C-8629-79E63BB89EF5}.Debug|Any CPU.Build.0 = Debug|Any CPU
		{6E348B37-9F34-4F1C-8629-79E63BB89EF5}.Debug|x64.ActiveCfg = Debug|Any CPU
		{6E348B37-9F34-4F1C-8629-79E63BB89EF5}.Debug|x64.Build.0 = Debug|Any CPU
		{6E348B37-9F34-4F1C-8629-79E63BB89EF5}.Debug|x86.ActiveCfg = Debug|Any CPU
		{6E348B37-9F34-4F1C-8629-79E63BB89EF5}.Debug|x86.Build.0 = Debug|Any CPU
		{6E348B37-9F34-4F1C-8629-79E63BB89EF5}.Release|Any CPU.ActiveCfg = Release|Any CPU
		{6E348B37-9F34-4F1C-8629-79E63BB89EF5}.Release|Any CPU.Build.0 = Release|Any CPU
		{6E348B37-9F34-4F1C-8629-79E63BB89EF5}.Release|x64.ActiveCfg = Release|Any CPU
		{6E348B37-9F34-4F1C-8629-79E63BB89EF5}.Release|x64.Build.0 = Release|Any CPU
		{6E348B37-9F34-4F1C-8629-79E63BB89EF5}.Release|x86.ActiveCfg = Release|Any CPU
		{6E348B37-9F34-4F1C-8629-79E63BB89EF5}.Release|x86.Build.0 = Release|Any CPU
		{7C29B023-D364-4956-822E-481743736AB5}.Debug|Any CPU.ActiveCfg = Debug|Any CPU
		{7C29B023-D364-4956-822E-481743736AB5}.Debug|Any CPU.Build.0 = Debug|Any CPU
		{7C29B023-D364-4956-822E-481743736AB5}.Debug|x64.ActiveCfg = Debug|Any CPU
		{7C29B023-D364-4956-822E-481743736AB5}.Debug|x64.Build.0 = Debug|Any CPU
		{7C29B023-D364-4956-822E-481743736AB5}.Debug|x86.ActiveCfg = Debug|Any CPU
		{7C29B023-D364-4956-822E-481743736AB5}.Debug|x86.Build.0 = Debug|Any CPU
		{7C29B023-D364-4956-822E-481743736AB5}.Release|Any CPU.ActiveCfg = Release|Any CPU
		{7C29B023-D364-4956-822E-481743736AB5}.Release|Any CPU.Build.0 = Release|Any CPU
		{7C29B023-D364-4956-822E-481743736AB5}.Release|x64.ActiveCfg = Release|Any CPU
		{7C29B023-D364-4956-822E-481743736AB5}.Release|x64.Build.0 = Release|Any CPU
		{7C29B023-D364-4956-822E-481743736AB5}.Release|x86.ActiveCfg = Release|Any CPU
		{7C29B023-D364-4956-822E-481743736AB5}.Release|x86.Build.0 = Release|Any CPU
		{C72AA7AA-74EE-4407-8598-1DD655583D9C}.Debug|Any CPU.ActiveCfg = Debug|Any CPU
		{C72AA7AA-74EE-4407-8598-1DD655583D9C}.Debug|Any CPU.Build.0 = Debug|Any CPU
		{C72AA7AA-74EE-4407-8598-1DD655583D9C}.Debug|x64.ActiveCfg = Debug|Any CPU
		{C72AA7AA-74EE-4407-8598-1DD655583D9C}.Debug|x64.Build.0 = Debug|Any CPU
		{C72AA7AA-74EE-4407-8598-1DD655583D9C}.Debug|x86.ActiveCfg = Debug|Any CPU
		{C72AA7AA-74EE-4407-8598-1DD655583D9C}.Debug|x86.Build.0 = Debug|Any CPU
		{C72AA7AA-74EE-4407-8598-1DD655583D9C}.Release|Any CPU.ActiveCfg = Release|Any CPU
		{C72AA7AA-74EE-4407-8598-1DD655583D9C}.Release|Any CPU.Build.0 = Release|Any CPU
		{C72AA7AA-74EE-4407-8598-1DD655583D9C}.Release|x64.ActiveCfg = Release|Any CPU
		{C72AA7AA-74EE-4407-8598-1DD655583D9C}.Release|x64.Build.0 = Release|Any CPU
		{C72AA7AA-74EE-4407-8598-1DD655583D9C}.Release|x86.ActiveCfg = Release|Any CPU
		{C72AA7AA-74EE-4407-8598-1DD655583D9C}.Release|x86.Build.0 = Release|Any CPU
		{F9ADF21E-08E5-40C7-8DF5-CFAC84B19F78}.Debug|Any CPU.ActiveCfg = Debug|Any CPU
		{F9ADF21E-08E5-40C7-8DF5-CFAC84B19F78}.Debug|Any CPU.Build.0 = Debug|Any CPU
		{F9ADF21E-08E5-40C7-8DF5-CFAC84B19F78}.Debug|x64.ActiveCfg = Debug|Any CPU
		{F9ADF21E-08E5-40C7-8DF5-CFAC84B19F78}.Debug|x64.Build.0 = Debug|Any CPU
		{F9ADF21E-08E5-40C7-8DF5-CFAC84B19F78}.Debug|x86.ActiveCfg = Debug|Any CPU
		{F9ADF21E-08E5-40C7-8DF5-CFAC84B19F78}.Debug|x86.Build.0 = Debug|Any CPU
		{F9ADF21E-08E5-40C7-8DF5-CFAC84B19F78}.Release|Any CPU.ActiveCfg = Release|Any CPU
		{F9ADF21E-08E5-40C7-8DF5-CFAC84B19F78}.Release|Any CPU.Build.0 = Release|Any CPU
		{F9ADF21E-08E5-40C7-8DF5-CFAC84B19F78}.Release|x64.ActiveCfg = Release|Any CPU
		{F9ADF21E-08E5-40C7-8DF5-CFAC84B19F78}.Release|x64.Build.0 = Release|Any CPU
		{F9ADF21E-08E5-40C7-8DF5-CFAC84B19F78}.Release|x86.ActiveCfg = Release|Any CPU
		{F9ADF21E-08E5-40C7-8DF5-CFAC84B19F78}.Release|x86.Build.0 = Release|Any CPU
		{89A8204B-1B54-4767-8E7F-5949F294CE42}.Debug|Any CPU.ActiveCfg = Debug|Any CPU
		{89A8204B-1B54-4767-8E7F-5949F294CE42}.Debug|Any CPU.Build.0 = Debug|Any CPU
		{89A8204B-1B54-4767-8E7F-5949F294CE42}.Debug|x64.ActiveCfg = Debug|Any CPU
		{89A8204B-1B54-4767-8E7F-5949F294CE42}.Debug|x64.Build.0 = Debug|Any CPU
		{89A8204B-1B54-4767-8E7F-5949F294CE42}.Debug|x86.ActiveCfg = Debug|Any CPU
		{89A8204B-1B54-4767-8E7F-5949F294CE42}.Debug|x86.Build.0 = Debug|Any CPU
		{89A8204B-1B54-4767-8E7F-5949F294CE42}.Release|Any CPU.ActiveCfg = Release|Any CPU
		{89A8204B-1B54-4767-8E7F-5949F294CE42}.Release|Any CPU.Build.0 = Release|Any CPU
		{89A8204B-1B54-4767-8E7F-5949F294CE42}.Release|x64.ActiveCfg = Release|Any CPU
		{89A8204B-1B54-4767-8E7F-5949F294CE42}.Release|x64.Build.0 = Release|Any CPU
		{89A8204B-1B54-4767-8E7F-5949F294CE42}.Release|x86.ActiveCfg = Release|Any CPU
		{89A8204B-1B54-4767-8E7F-5949F294CE42}.Release|x86.Build.0 = Release|Any CPU
		{E05EE61B-9E4F-4735-917D-AC342240B02F}.Debug|Any CPU.ActiveCfg = Debug|Any CPU
		{E05EE61B-9E4F-4735-917D-AC342240B02F}.Debug|Any CPU.Build.0 = Debug|Any CPU
		{E05EE61B-9E4F-4735-917D-AC342240B02F}.Debug|x64.ActiveCfg = Debug|Any CPU
		{E05EE61B-9E4F-4735-917D-AC342240B02F}.Debug|x64.Build.0 = Debug|Any CPU
		{E05EE61B-9E4F-4735-917D-AC342240B02F}.Debug|x86.ActiveCfg = Debug|Any CPU
		{E05EE61B-9E4F-4735-917D-AC342240B02F}.Debug|x86.Build.0 = Debug|Any CPU
		{E05EE61B-9E4F-4735-917D-AC342240B02F}.Release|Any CPU.ActiveCfg = Release|Any CPU
		{E05EE61B-9E4F-4735-917D-AC342240B02F}.Release|Any CPU.Build.0 = Release|Any CPU
		{E05EE61B-9E4F-4735-917D-AC342240B02F}.Release|x64.ActiveCfg = Release|Any CPU
		{E05EE61B-9E4F-4735-917D-AC342240B02F}.Release|x64.Build.0 = Release|Any CPU
		{E05EE61B-9E4F-4735-917D-AC342240B02F}.Release|x86.ActiveCfg = Release|Any CPU
		{E05EE61B-9E4F-4735-917D-AC342240B02F}.Release|x86.Build.0 = Release|Any CPU
		{96F2ADA3-BC34-4173-AF7C-77F6FFE2EEFA}.Debug|Any CPU.ActiveCfg = Debug|Any CPU
		{96F2ADA3-BC34-4173-AF7C-77F6FFE2EEFA}.Debug|Any CPU.Build.0 = Debug|Any CPU
		{96F2ADA3-BC34-4173-AF7C-77F6FFE2EEFA}.Debug|x64.ActiveCfg = Debug|Any CPU
		{96F2ADA3-BC34-4173-AF7C-77F6FFE2EEFA}.Debug|x64.Build.0 = Debug|Any CPU
		{96F2ADA3-BC34-4173-AF7C-77F6FFE2EEFA}.Debug|x86.ActiveCfg = Debug|Any CPU
		{96F2ADA3-BC34-4173-AF7C-77F6FFE2EEFA}.Debug|x86.Build.0 = Debug|Any CPU
		{96F2ADA3-BC34-4173-AF7C-77F6FFE2EEFA}.Release|Any CPU.ActiveCfg = Release|Any CPU
		{96F2ADA3-BC34-4173-AF7C-77F6FFE2EEFA}.Release|Any CPU.Build.0 = Release|Any CPU
		{96F2ADA3-BC34-4173-AF7C-77F6FFE2EEFA}.Release|x64.ActiveCfg = Release|Any CPU
		{96F2ADA3-BC34-4173-AF7C-77F6FFE2EEFA}.Release|x64.Build.0 = Release|Any CPU
		{96F2ADA3-BC34-4173-AF7C-77F6FFE2EEFA}.Release|x86.ActiveCfg = Release|Any CPU
		{96F2ADA3-BC34-4173-AF7C-77F6FFE2EEFA}.Release|x86.Build.0 = Release|Any CPU
		{CAA5F102-4CD5-4123-BA45-5AFE829476B8}.Debug|Any CPU.ActiveCfg = Debug|Any CPU
		{CAA5F102-4CD5-4123-BA45-5AFE829476B8}.Debug|Any CPU.Build.0 = Debug|Any CPU
		{CAA5F102-4CD5-4123-BA45-5AFE829476B8}.Debug|x64.ActiveCfg = Debug|Any CPU
		{CAA5F102-4CD5-4123-BA45-5AFE829476B8}.Debug|x64.Build.0 = Debug|Any CPU
		{CAA5F102-4CD5-4123-BA45-5AFE829476B8}.Debug|x86.ActiveCfg = Debug|Any CPU
		{CAA5F102-4CD5-4123-BA45-5AFE829476B8}.Debug|x86.Build.0 = Debug|Any CPU
		{CAA5F102-4CD5-4123-BA45-5AFE829476B8}.Release|Any CPU.ActiveCfg = Release|Any CPU
		{CAA5F102-4CD5-4123-BA45-5AFE829476B8}.Release|Any CPU.Build.0 = Release|Any CPU
		{CAA5F102-4CD5-4123-BA45-5AFE829476B8}.Release|x64.ActiveCfg = Release|Any CPU
		{CAA5F102-4CD5-4123-BA45-5AFE829476B8}.Release|x64.Build.0 = Release|Any CPU
		{CAA5F102-4CD5-4123-BA45-5AFE829476B8}.Release|x86.ActiveCfg = Release|Any CPU
		{CAA5F102-4CD5-4123-BA45-5AFE829476B8}.Release|x86.Build.0 = Release|Any CPU
		{029B57FA-EA6A-4A9A-B092-B509F6939118}.Debug|Any CPU.ActiveCfg = Debug|Any CPU
		{029B57FA-EA6A-4A9A-B092-B509F6939118}.Debug|Any CPU.Build.0 = Debug|Any CPU
		{029B57FA-EA6A-4A9A-B092-B509F6939118}.Debug|x64.ActiveCfg = Debug|Any CPU
		{029B57FA-EA6A-4A9A-B092-B509F6939118}.Debug|x64.Build.0 = Debug|Any CPU
		{029B57FA-EA6A-4A9A-B092-B509F6939118}.Debug|x86.ActiveCfg = Debug|Any CPU
		{029B57FA-EA6A-4A9A-B092-B509F6939118}.Debug|x86.Build.0 = Debug|Any CPU
		{029B57FA-EA6A-4A9A-B092-B509F6939118}.Release|Any CPU.ActiveCfg = Release|Any CPU
		{029B57FA-EA6A-4A9A-B092-B509F6939118}.Release|Any CPU.Build.0 = Release|Any CPU
		{029B57FA-EA6A-4A9A-B092-B509F6939118}.Release|x64.ActiveCfg = Release|Any CPU
		{029B57FA-EA6A-4A9A-B092-B509F6939118}.Release|x64.Build.0 = Release|Any CPU
		{029B57FA-EA6A-4A9A-B092-B509F6939118}.Release|x86.ActiveCfg = Release|Any CPU
		{029B57FA-EA6A-4A9A-B092-B509F6939118}.Release|x86.Build.0 = Release|Any CPU
		{02B6B1BC-343A-49CA-A28B-28D1754B7F45}.Debug|Any CPU.ActiveCfg = Debug|Any CPU
		{02B6B1BC-343A-49CA-A28B-28D1754B7F45}.Debug|Any CPU.Build.0 = Debug|Any CPU
		{02B6B1BC-343A-49CA-A28B-28D1754B7F45}.Debug|x64.ActiveCfg = Debug|Any CPU
		{02B6B1BC-343A-49CA-A28B-28D1754B7F45}.Debug|x64.Build.0 = Debug|Any CPU
		{02B6B1BC-343A-49CA-A28B-28D1754B7F45}.Debug|x86.ActiveCfg = Debug|Any CPU
		{02B6B1BC-343A-49CA-A28B-28D1754B7F45}.Debug|x86.Build.0 = Debug|Any CPU
		{02B6B1BC-343A-49CA-A28B-28D1754B7F45}.Release|Any CPU.ActiveCfg = Release|Any CPU
		{02B6B1BC-343A-49CA-A28B-28D1754B7F45}.Release|Any CPU.Build.0 = Release|Any CPU
		{02B6B1BC-343A-49CA-A28B-28D1754B7F45}.Release|x64.ActiveCfg = Release|Any CPU
		{02B6B1BC-343A-49CA-A28B-28D1754B7F45}.Release|x64.Build.0 = Release|Any CPU
		{02B6B1BC-343A-49CA-A28B-28D1754B7F45}.Release|x86.ActiveCfg = Release|Any CPU
		{02B6B1BC-343A-49CA-A28B-28D1754B7F45}.Release|x86.Build.0 = Release|Any CPU
		{243F9148-1B22-4824-9968-370D67D1C852}.Debug|Any CPU.ActiveCfg = Debug|Any CPU
		{243F9148-1B22-4824-9968-370D67D1C852}.Debug|Any CPU.Build.0 = Debug|Any CPU
		{243F9148-1B22-4824-9968-370D67D1C852}.Debug|x64.ActiveCfg = Debug|Any CPU
		{243F9148-1B22-4824-9968-370D67D1C852}.Debug|x64.Build.0 = Debug|Any CPU
		{243F9148-1B22-4824-9968-370D67D1C852}.Debug|x86.ActiveCfg = Debug|Any CPU
		{243F9148-1B22-4824-9968-370D67D1C852}.Debug|x86.Build.0 = Debug|Any CPU
		{243F9148-1B22-4824-9968-370D67D1C852}.Release|Any CPU.ActiveCfg = Release|Any CPU
		{243F9148-1B22-4824-9968-370D67D1C852}.Release|Any CPU.Build.0 = Release|Any CPU
		{243F9148-1B22-4824-9968-370D67D1C852}.Release|x64.ActiveCfg = Release|Any CPU
		{243F9148-1B22-4824-9968-370D67D1C852}.Release|x64.Build.0 = Release|Any CPU
		{243F9148-1B22-4824-9968-370D67D1C852}.Release|x86.ActiveCfg = Release|Any CPU
		{243F9148-1B22-4824-9968-370D67D1C852}.Release|x86.Build.0 = Release|Any CPU
		{7DE6C3B1-5A55-43F5-A3E8-D9E1F9FC1E92}.Debug|Any CPU.ActiveCfg = Debug|Any CPU
		{7DE6C3B1-5A55-43F5-A3E8-D9E1F9FC1E92}.Debug|Any CPU.Build.0 = Debug|Any CPU
		{7DE6C3B1-5A55-43F5-A3E8-D9E1F9FC1E92}.Debug|x64.ActiveCfg = Debug|Any CPU
		{7DE6C3B1-5A55-43F5-A3E8-D9E1F9FC1E92}.Debug|x64.Build.0 = Debug|Any CPU
		{7DE6C3B1-5A55-43F5-A3E8-D9E1F9FC1E92}.Debug|x86.ActiveCfg = Debug|Any CPU
		{7DE6C3B1-5A55-43F5-A3E8-D9E1F9FC1E92}.Debug|x86.Build.0 = Debug|Any CPU
		{7DE6C3B1-5A55-43F5-A3E8-D9E1F9FC1E92}.Release|Any CPU.ActiveCfg = Release|Any CPU
		{7DE6C3B1-5A55-43F5-A3E8-D9E1F9FC1E92}.Release|Any CPU.Build.0 = Release|Any CPU
		{7DE6C3B1-5A55-43F5-A3E8-D9E1F9FC1E92}.Release|x64.ActiveCfg = Release|Any CPU
		{7DE6C3B1-5A55-43F5-A3E8-D9E1F9FC1E92}.Release|x64.Build.0 = Release|Any CPU
		{7DE6C3B1-5A55-43F5-A3E8-D9E1F9FC1E92}.Release|x86.ActiveCfg = Release|Any CPU
		{7DE6C3B1-5A55-43F5-A3E8-D9E1F9FC1E92}.Release|x86.Build.0 = Release|Any CPU
		{BBDC33D3-ABED-416B-AB85-5AC235CE7CA2}.Debug|Any CPU.ActiveCfg = Debug|Any CPU
		{BBDC33D3-ABED-416B-AB85-5AC235CE7CA2}.Debug|Any CPU.Build.0 = Debug|Any CPU
		{BBDC33D3-ABED-416B-AB85-5AC235CE7CA2}.Debug|x64.ActiveCfg = Debug|Any CPU
		{BBDC33D3-ABED-416B-AB85-5AC235CE7CA2}.Debug|x64.Build.0 = Debug|Any CPU
		{BBDC33D3-ABED-416B-AB85-5AC235CE7CA2}.Debug|x86.ActiveCfg = Debug|Any CPU
		{BBDC33D3-ABED-416B-AB85-5AC235CE7CA2}.Debug|x86.Build.0 = Debug|Any CPU
		{BBDC33D3-ABED-416B-AB85-5AC235CE7CA2}.Release|Any CPU.ActiveCfg = Release|Any CPU
		{BBDC33D3-ABED-416B-AB85-5AC235CE7CA2}.Release|Any CPU.Build.0 = Release|Any CPU
		{BBDC33D3-ABED-416B-AB85-5AC235CE7CA2}.Release|x64.ActiveCfg = Release|Any CPU
		{BBDC33D3-ABED-416B-AB85-5AC235CE7CA2}.Release|x64.Build.0 = Release|Any CPU
		{BBDC33D3-ABED-416B-AB85-5AC235CE7CA2}.Release|x86.ActiveCfg = Release|Any CPU
		{BBDC33D3-ABED-416B-AB85-5AC235CE7CA2}.Release|x86.Build.0 = Release|Any CPU
		{0AC2B124-151A-417A-AC36-60F3D4EFC41D}.Debug|Any CPU.ActiveCfg = Debug|Any CPU
		{0AC2B124-151A-417A-AC36-60F3D4EFC41D}.Debug|Any CPU.Build.0 = Debug|Any CPU
		{0AC2B124-151A-417A-AC36-60F3D4EFC41D}.Debug|x64.ActiveCfg = Debug|Any CPU
		{0AC2B124-151A-417A-AC36-60F3D4EFC41D}.Debug|x64.Build.0 = Debug|Any CPU
		{0AC2B124-151A-417A-AC36-60F3D4EFC41D}.Debug|x86.ActiveCfg = Debug|Any CPU
		{0AC2B124-151A-417A-AC36-60F3D4EFC41D}.Debug|x86.Build.0 = Debug|Any CPU
		{0AC2B124-151A-417A-AC36-60F3D4EFC41D}.Release|Any CPU.ActiveCfg = Release|Any CPU
		{0AC2B124-151A-417A-AC36-60F3D4EFC41D}.Release|Any CPU.Build.0 = Release|Any CPU
		{0AC2B124-151A-417A-AC36-60F3D4EFC41D}.Release|x64.ActiveCfg = Release|Any CPU
		{0AC2B124-151A-417A-AC36-60F3D4EFC41D}.Release|x64.Build.0 = Release|Any CPU
		{0AC2B124-151A-417A-AC36-60F3D4EFC41D}.Release|x86.ActiveCfg = Release|Any CPU
		{0AC2B124-151A-417A-AC36-60F3D4EFC41D}.Release|x86.Build.0 = Release|Any CPU
		{D525CC9F-3FA2-426E-BEBE-67ABE2CD61C7}.Debug|Any CPU.ActiveCfg = Debug|Any CPU
		{D525CC9F-3FA2-426E-BEBE-67ABE2CD61C7}.Debug|Any CPU.Build.0 = Debug|Any CPU
		{D525CC9F-3FA2-426E-BEBE-67ABE2CD61C7}.Debug|x64.ActiveCfg = Debug|Any CPU
		{D525CC9F-3FA2-426E-BEBE-67ABE2CD61C7}.Debug|x64.Build.0 = Debug|Any CPU
		{D525CC9F-3FA2-426E-BEBE-67ABE2CD61C7}.Debug|x86.ActiveCfg = Debug|Any CPU
		{D525CC9F-3FA2-426E-BEBE-67ABE2CD61C7}.Debug|x86.Build.0 = Debug|Any CPU
		{D525CC9F-3FA2-426E-BEBE-67ABE2CD61C7}.Release|Any CPU.ActiveCfg = Release|Any CPU
		{D525CC9F-3FA2-426E-BEBE-67ABE2CD61C7}.Release|Any CPU.Build.0 = Release|Any CPU
		{D525CC9F-3FA2-426E-BEBE-67ABE2CD61C7}.Release|x64.ActiveCfg = Release|Any CPU
		{D525CC9F-3FA2-426E-BEBE-67ABE2CD61C7}.Release|x64.Build.0 = Release|Any CPU
		{D525CC9F-3FA2-426E-BEBE-67ABE2CD61C7}.Release|x86.ActiveCfg = Release|Any CPU
		{D525CC9F-3FA2-426E-BEBE-67ABE2CD61C7}.Release|x86.Build.0 = Release|Any CPU
		{86D5CD97-AAB4-4940-B8F2-89397413610F}.Debug|Any CPU.ActiveCfg = Debug|Any CPU
		{86D5CD97-AAB4-4940-B8F2-89397413610F}.Debug|Any CPU.Build.0 = Debug|Any CPU
		{86D5CD97-AAB4-4940-B8F2-89397413610F}.Debug|x64.ActiveCfg = Debug|Any CPU
		{86D5CD97-AAB4-4940-B8F2-89397413610F}.Debug|x64.Build.0 = Debug|Any CPU
		{86D5CD97-AAB4-4940-B8F2-89397413610F}.Debug|x86.ActiveCfg = Debug|Any CPU
		{86D5CD97-AAB4-4940-B8F2-89397413610F}.Debug|x86.Build.0 = Debug|Any CPU
		{86D5CD97-AAB4-4940-B8F2-89397413610F}.Release|Any CPU.ActiveCfg = Release|Any CPU
		{86D5CD97-AAB4-4940-B8F2-89397413610F}.Release|Any CPU.Build.0 = Release|Any CPU
		{86D5CD97-AAB4-4940-B8F2-89397413610F}.Release|x64.ActiveCfg = Release|Any CPU
		{86D5CD97-AAB4-4940-B8F2-89397413610F}.Release|x64.Build.0 = Release|Any CPU
		{86D5CD97-AAB4-4940-B8F2-89397413610F}.Release|x86.ActiveCfg = Release|Any CPU
		{86D5CD97-AAB4-4940-B8F2-89397413610F}.Release|x86.Build.0 = Release|Any CPU
		{9A835506-2287-41EB-A337-751801BBB44B}.Debug|Any CPU.ActiveCfg = Debug|Any CPU
		{9A835506-2287-41EB-A337-751801BBB44B}.Debug|Any CPU.Build.0 = Debug|Any CPU
		{9A835506-2287-41EB-A337-751801BBB44B}.Debug|x64.ActiveCfg = Debug|Any CPU
		{9A835506-2287-41EB-A337-751801BBB44B}.Debug|x64.Build.0 = Debug|Any CPU
		{9A835506-2287-41EB-A337-751801BBB44B}.Debug|x86.ActiveCfg = Debug|Any CPU
		{9A835506-2287-41EB-A337-751801BBB44B}.Debug|x86.Build.0 = Debug|Any CPU
		{9A835506-2287-41EB-A337-751801BBB44B}.Release|Any CPU.ActiveCfg = Release|Any CPU
		{9A835506-2287-41EB-A337-751801BBB44B}.Release|Any CPU.Build.0 = Release|Any CPU
		{9A835506-2287-41EB-A337-751801BBB44B}.Release|x64.ActiveCfg = Release|Any CPU
		{9A835506-2287-41EB-A337-751801BBB44B}.Release|x64.Build.0 = Release|Any CPU
		{9A835506-2287-41EB-A337-751801BBB44B}.Release|x86.ActiveCfg = Release|Any CPU
		{9A835506-2287-41EB-A337-751801BBB44B}.Release|x86.Build.0 = Release|Any CPU
		{4B54673F-2E4B-4FD6-BEEE-5C952D336195}.Debug|Any CPU.ActiveCfg = Debug|Any CPU
		{4B54673F-2E4B-4FD6-BEEE-5C952D336195}.Debug|Any CPU.Build.0 = Debug|Any CPU
		{4B54673F-2E4B-4FD6-BEEE-5C952D336195}.Debug|x64.ActiveCfg = Debug|Any CPU
		{4B54673F-2E4B-4FD6-BEEE-5C952D336195}.Debug|x64.Build.0 = Debug|Any CPU
		{4B54673F-2E4B-4FD6-BEEE-5C952D336195}.Debug|x86.ActiveCfg = Debug|Any CPU
		{4B54673F-2E4B-4FD6-BEEE-5C952D336195}.Debug|x86.Build.0 = Debug|Any CPU
		{4B54673F-2E4B-4FD6-BEEE-5C952D336195}.Release|Any CPU.ActiveCfg = Release|Any CPU
		{4B54673F-2E4B-4FD6-BEEE-5C952D336195}.Release|Any CPU.Build.0 = Release|Any CPU
		{4B54673F-2E4B-4FD6-BEEE-5C952D336195}.Release|x64.ActiveCfg = Release|Any CPU
		{4B54673F-2E4B-4FD6-BEEE-5C952D336195}.Release|x64.Build.0 = Release|Any CPU
		{4B54673F-2E4B-4FD6-BEEE-5C952D336195}.Release|x86.ActiveCfg = Release|Any CPU
		{4B54673F-2E4B-4FD6-BEEE-5C952D336195}.Release|x86.Build.0 = Release|Any CPU
		{20BDB7F7-0C2A-445C-9238-EDB62B3F49A7}.Debug|Any CPU.ActiveCfg = Debug|Any CPU
		{20BDB7F7-0C2A-445C-9238-EDB62B3F49A7}.Debug|Any CPU.Build.0 = Debug|Any CPU
		{20BDB7F7-0C2A-445C-9238-EDB62B3F49A7}.Debug|x64.ActiveCfg = Debug|Any CPU
		{20BDB7F7-0C2A-445C-9238-EDB62B3F49A7}.Debug|x64.Build.0 = Debug|Any CPU
		{20BDB7F7-0C2A-445C-9238-EDB62B3F49A7}.Debug|x86.ActiveCfg = Debug|Any CPU
		{20BDB7F7-0C2A-445C-9238-EDB62B3F49A7}.Debug|x86.Build.0 = Debug|Any CPU
		{20BDB7F7-0C2A-445C-9238-EDB62B3F49A7}.Release|Any CPU.ActiveCfg = Release|Any CPU
		{20BDB7F7-0C2A-445C-9238-EDB62B3F49A7}.Release|Any CPU.Build.0 = Release|Any CPU
		{20BDB7F7-0C2A-445C-9238-EDB62B3F49A7}.Release|x64.ActiveCfg = Release|Any CPU
		{20BDB7F7-0C2A-445C-9238-EDB62B3F49A7}.Release|x64.Build.0 = Release|Any CPU
		{20BDB7F7-0C2A-445C-9238-EDB62B3F49A7}.Release|x86.ActiveCfg = Release|Any CPU
		{20BDB7F7-0C2A-445C-9238-EDB62B3F49A7}.Release|x86.Build.0 = Release|Any CPU
		{B16B358A-83ED-41E9-A2F8-2CE0DF07A940}.Debug|Any CPU.ActiveCfg = Debug|Any CPU
		{B16B358A-83ED-41E9-A2F8-2CE0DF07A940}.Debug|Any CPU.Build.0 = Debug|Any CPU
		{B16B358A-83ED-41E9-A2F8-2CE0DF07A940}.Debug|x64.ActiveCfg = Debug|Any CPU
		{B16B358A-83ED-41E9-A2F8-2CE0DF07A940}.Debug|x64.Build.0 = Debug|Any CPU
		{B16B358A-83ED-41E9-A2F8-2CE0DF07A940}.Debug|x86.ActiveCfg = Debug|Any CPU
		{B16B358A-83ED-41E9-A2F8-2CE0DF07A940}.Debug|x86.Build.0 = Debug|Any CPU
		{B16B358A-83ED-41E9-A2F8-2CE0DF07A940}.Release|Any CPU.ActiveCfg = Release|Any CPU
		{B16B358A-83ED-41E9-A2F8-2CE0DF07A940}.Release|Any CPU.Build.0 = Release|Any CPU
		{B16B358A-83ED-41E9-A2F8-2CE0DF07A940}.Release|x64.ActiveCfg = Release|Any CPU
		{B16B358A-83ED-41E9-A2F8-2CE0DF07A940}.Release|x64.Build.0 = Release|Any CPU
		{B16B358A-83ED-41E9-A2F8-2CE0DF07A940}.Release|x86.ActiveCfg = Release|Any CPU
		{B16B358A-83ED-41E9-A2F8-2CE0DF07A940}.Release|x86.Build.0 = Release|Any CPU
		{E0DDE9F0-5F6C-467E-81E8-4E8748E112EA}.Debug|Any CPU.ActiveCfg = Debug|Any CPU
		{E0DDE9F0-5F6C-467E-81E8-4E8748E112EA}.Debug|Any CPU.Build.0 = Debug|Any CPU
		{E0DDE9F0-5F6C-467E-81E8-4E8748E112EA}.Debug|x64.ActiveCfg = Debug|Any CPU
		{E0DDE9F0-5F6C-467E-81E8-4E8748E112EA}.Debug|x64.Build.0 = Debug|Any CPU
		{E0DDE9F0-5F6C-467E-81E8-4E8748E112EA}.Debug|x86.ActiveCfg = Debug|Any CPU
		{E0DDE9F0-5F6C-467E-81E8-4E8748E112EA}.Debug|x86.Build.0 = Debug|Any CPU
		{E0DDE9F0-5F6C-467E-81E8-4E8748E112EA}.Release|Any CPU.ActiveCfg = Release|Any CPU
		{E0DDE9F0-5F6C-467E-81E8-4E8748E112EA}.Release|Any CPU.Build.0 = Release|Any CPU
		{E0DDE9F0-5F6C-467E-81E8-4E8748E112EA}.Release|x64.ActiveCfg = Release|Any CPU
		{E0DDE9F0-5F6C-467E-81E8-4E8748E112EA}.Release|x64.Build.0 = Release|Any CPU
		{E0DDE9F0-5F6C-467E-81E8-4E8748E112EA}.Release|x86.ActiveCfg = Release|Any CPU
		{E0DDE9F0-5F6C-467E-81E8-4E8748E112EA}.Release|x86.Build.0 = Release|Any CPU
		{0C394F88-4AD7-466E-8EAF-E75BDABE4BE9}.Debug|Any CPU.ActiveCfg = Debug|Any CPU
		{0C394F88-4AD7-466E-8EAF-E75BDABE4BE9}.Debug|Any CPU.Build.0 = Debug|Any CPU
		{0C394F88-4AD7-466E-8EAF-E75BDABE4BE9}.Debug|x64.ActiveCfg = Debug|Any CPU
		{0C394F88-4AD7-466E-8EAF-E75BDABE4BE9}.Debug|x64.Build.0 = Debug|Any CPU
		{0C394F88-4AD7-466E-8EAF-E75BDABE4BE9}.Debug|x86.ActiveCfg = Debug|Any CPU
		{0C394F88-4AD7-466E-8EAF-E75BDABE4BE9}.Debug|x86.Build.0 = Debug|Any CPU
		{0C394F88-4AD7-466E-8EAF-E75BDABE4BE9}.Release|Any CPU.ActiveCfg = Release|Any CPU
		{0C394F88-4AD7-466E-8EAF-E75BDABE4BE9}.Release|Any CPU.Build.0 = Release|Any CPU
		{0C394F88-4AD7-466E-8EAF-E75BDABE4BE9}.Release|x64.ActiveCfg = Release|Any CPU
		{0C394F88-4AD7-466E-8EAF-E75BDABE4BE9}.Release|x64.Build.0 = Release|Any CPU
		{0C394F88-4AD7-466E-8EAF-E75BDABE4BE9}.Release|x86.ActiveCfg = Release|Any CPU
		{0C394F88-4AD7-466E-8EAF-E75BDABE4BE9}.Release|x86.Build.0 = Release|Any CPU
	EndGlobalSection
	GlobalSection(SolutionProperties) = preSolution
		HideSolutionNode = FALSE
	EndGlobalSection
EndGlobal
