
Microsoft Visual Studio Solution File, Format Version 12.00
# Visual Studio Version 17
VisualStudioVersion = 17.8.34130.188
MinimumVisualStudioVersion = 10.0.40219.1
Project("{FAE04EC0-301F-11D3-BF4B-00C04F79EFBC}") = "Bhengu.Finance.Payments.Core", "Bhengu.Finance.Payments.Core\Bhengu.Finance.Payments.Core.csproj", "{C0A37B60-6468-4EBE-9E01-8DF3508F30E8}"
EndProject
Project("{FAE04EC0-301F-11D3-BF4B-00C04F79EFBC}") = "Bhengu.Finance.Payments.PayFast", "Bhengu.Finance.Payments.PayFast\Bhengu.Finance.Payments.PayFast.csproj", "{232AEC5A-2780-4E4E-BB25-30CC899BFF87}"
EndProject
Project("{FAE04EC0-301F-11D3-BF4B-00C04F79EFBC}") = "Bhengu.Finance.Payments.GooglePay", "Bhengu.Finance.Payments.Google\Bhengu.Finance.Payments.GooglePay.csproj", "{B046CCE6-0398-420F-AD95-380966E1377E}"
EndProject
Project("{FAE04EC0-301F-11D3-BF4B-00C04F79EFBC}") = "Bhengu.Finance.Payments.ApplePay", "Bhengu.Finance.Payments.ApplePay\Bhengu.Finance.Payments.ApplePay.csproj", "{4718CAAA-FCC4-4F7A-8D37-42AD4ABDD5C7}"
EndProject
Project("{FAE04EC0-301F-11D3-BF4B-00C04F79EFBC}") = "Bhengu.Finance.Payments.BricsPay", "Bhengu.Finance.Payments.BricsPay\Bhengu.Finance.Payments.BricsPay.csproj", "{0A6728CB-1CF7-48D4-B470-D3592F162A79}"
EndProject
Project("{FAE04EC0-301F-11D3-BF4B-00C04F79EFBC}") = "Bhengu.Finance.Payments.Swagger", "Bhengu.Finance.Payments.Swagger\Bhengu.Finance.Payments.Swagger.csproj", "{3C671916-BDAA-468E-973D-8CCB40BDE2DC}"
EndProject
Project("{FAE04EC0-301F-11D3-BF4B-00C04F79EFBC}") = "Bhengu.Finance.Payments.ApiHost", "Bhengu.Finance.Payments.ApiHost\Bhengu.Finance.Payments.ApiHost.csproj", "{55CFBB9D-ACE4-4CEC-8B68-90A2ADB1103E}"
EndProject
Project("{FAE04EC0-301F-11D3-BF4B-00C04F79EFBC}") = "Bhengu.Finance.Payments.Tests", "Bhengu.Finance.Payments.Tests\Bhengu.Finance.Payments.Tests.csproj", "{1D05EBFD-4E3F-4F1A-84DB-5CA2A6C2346E}"
EndProject
Project("{FAE04EC0-301F-11D3-BF4B-00C04F79EFBC}") = "Bhengu.Finance.Payments.IntegrationTests", "Bhengu.Finance.Payments.IntegrationTests\Bhengu.Finance.Payments.IntegrationTests.csproj", "{02A94F52-FC75-40A2-9EF6-4D5476A36180}"
EndProject
Project("{FAE04EC0-301F-11D3-BF4B-00C04F79EFBC}") = "Bhengu.Finance.Payments.All", "Bhengu.Finance.Payments.All\Bhengu.Finance.Payments.All.csproj", "{0A68E649-F5BA-4BC3-B61A-15B00C469CB1}"
EndProject
Global
	GlobalSection(SolutionConfigurationPlatforms) = preSolution
		Debug|Any CPU = Debug|Any CPU
		Debug|x64 = Debug|x64
		Debug|x86 = Debug|x86
		Release|Any CPU = Release|Any CPU
		Release|x64 = Release|x64
		Release|x86 = Release|x86
	EndGlobalSection
	GlobalSection(ProjectConfigurationPlatforms) = postSolution
		{C0A37B60-6468-4EBE-9E01-8DF3508F30E8}.Debug|Any CPU.ActiveCfg = Debug|Any CPU
		{C0A37B60-6468-4EBE-9E01-8DF3508F30E8}.Debug|Any CPU.Build.0 = Debug|Any CPU
		{C0A37B60-6468-4EBE-9E01-8DF3508F30E8}.Debug|x64.ActiveCfg = Debug|Any CPU
		{C0A37B60-6468-4EBE-9E01-8DF3508F30E8}.Debug|x64.Build.0 = Debug|Any CPU
		{C0A37B60-6468-4EBE-9E01-8DF3508F30E8}.Debug|x86.ActiveCfg = Debug|Any CPU
		{C0A37B60-6468-4EBE-9E01-8DF3508F30E8}.Debug|x86.Build.0 = Debug|Any CPU
		{C0A37B60-6468-4EBE-9E01-8DF3508F30E8}.Release|Any CPU.ActiveCfg = Release|Any CPU
		{C0A37B60-6468-4EBE-9E01-8DF3508F30E8}.Release|Any CPU.Build.0 = Release|Any CPU
		{C0A37B60-6468-4EBE-9E01-8DF3508F30E8}.Release|x64.ActiveCfg = Release|Any CPU
		{C0A37B60-6468-4EBE-9E01-8DF3508F30E8}.Release|x64.Build.0 = Release|Any CPU
		{C0A37B60-6468-4EBE-9E01-8DF3508F30E8}.Release|x86.ActiveCfg = Release|Any CPU
		{C0A37B60-6468-4EBE-9E01-8DF3508F30E8}.Release|x86.Build.0 = Release|Any CPU
		{232AEC5A-2780-4E4E-BB25-30CC899BFF87}.Debug|Any CPU.ActiveCfg = Debug|Any CPU
		{232AEC5A-2780-4E4E-BB25-30CC899BFF87}.Debug|Any CPU.Build.0 = Debug|Any CPU
		{232AEC5A-2780-4E4E-BB25-30CC899BFF87}.Debug|x64.ActiveCfg = Debug|Any CPU
		{232AEC5A-2780-4E4E-BB25-30CC899BFF87}.Debug|x64.Build.0 = Debug|Any CPU
		{232AEC5A-2780-4E4E-BB25-30CC899BFF87}.Debug|x86.ActiveCfg = Debug|Any CPU
		{232AEC5A-2780-4E4E-BB25-30CC899BFF87}.Debug|x86.Build.0 = Debug|Any CPU
		{232AEC5A-2780-4E4E-BB25-30CC899BFF87}.Release|Any CPU.ActiveCfg = Release|Any CPU
		{232AEC5A-2780-4E4E-BB25-30CC899BFF87}.Release|Any CPU.Build.0 = Release|Any CPU
		{232AEC5A-2780-4E4E-BB25-30CC899BFF87}.Release|x64.ActiveCfg = Release|Any CPU
		{232AEC5A-2780-4E4E-BB25-30CC899BFF87}.Release|x64.Build.0 = Release|Any CPU
		{232AEC5A-2780-4E4E-BB25-30CC899BFF87}.Release|x86.ActiveCfg = Release|Any CPU
		{232AEC5A-2780-4E4E-BB25-30CC899BFF87}.Release|x86.Build.0 = Release|Any CPU
		{B046CCE6-0398-420F-AD95-380966E1377E}.Debug|Any CPU.ActiveCfg = Debug|Any CPU
		{B046CCE6-0398-420F-AD95-380966E1377E}.Debug|Any CPU.Build.0 = Debug|Any CPU
		{B046CCE6-0398-420F-AD95-380966E1377E}.Debug|x64.ActiveCfg = Debug|Any CPU
		{B046CCE6-0398-420F-AD95-380966E1377E}.Debug|x64.Build.0 = Debug|Any CPU
		{B046CCE6-0398-420F-AD95-380966E1377E}.Debug|x86.ActiveCfg = Debug|Any CPU
		{B046CCE6-0398-420F-AD95-380966E1377E}.Debug|x86.Build.0 = Debug|Any CPU
		{B046CCE6-0398-420F-AD95-380966E1377E}.Release|Any CPU.ActiveCfg = Release|Any CPU
		{B046CCE6-0398-420F-AD95-380966E1377E}.Release|Any CPU.Build.0 = Release|Any CPU
		{B046CCE6-0398-420F-AD95-380966E1377E}.Release|x64.ActiveCfg = Release|Any CPU
		{B046CCE6-0398-420F-AD95-380966E1377E}.Release|x64.Build.0 = Release|Any CPU
		{B046CCE6-0398-420F-AD95-380966E1377E}.Release|x86.ActiveCfg = Release|Any CPU
		{B046CCE6-0398-420F-AD95-380966E1377E}.Release|x86.Build.0 = Release|Any CPU
		{4718CAAA-FCC4-4F7A-8D37-42AD4ABDD5C7}.Debug|Any CPU.ActiveCfg = Debug|Any CPU
		{4718CAAA-FCC4-4F7A-8D37-42AD4ABDD5C7}.Debug|Any CPU.Build.0 = Debug|Any CPU
		{4718CAAA-FCC4-4F7A-8D37-42AD4ABDD5C7}.Debug|x64.ActiveCfg = Debug|Any CPU
		{4718CAAA-FCC4-4F7A-8D37-42AD4ABDD5C7}.Debug|x64.Build.0 = Debug|Any CPU
		{4718CAAA-FCC4-4F7A-8D37-42AD4ABDD5C7}.Debug|x86.ActiveCfg = Debug|Any CPU
		{4718CAAA-FCC4-4F7A-8D37-42AD4ABDD5C7}.Debug|x86.Build.0 = Debug|Any CPU
		{4718CAAA-FCC4-4F7A-8D37-42AD4ABDD5C7}.Release|Any CPU.ActiveCfg = Release|Any CPU
		{4718CAAA-FCC4-4F7A-8D37-42AD4ABDD5C7}.Release|Any CPU.Build.0 = Release|Any CPU
		{4718CAAA-FCC4-4F7A-8D37-42AD4ABDD5C7}.Release|x64.ActiveCfg = Release|Any CPU
		{4718CAAA-FCC4-4F7A-8D37-42AD4ABDD5C7}.Release|x64.Build.0 = Release|Any CPU
		{4718CAAA-FCC4-4F7A-8D37-42AD4ABDD5C7}.Release|x86.ActiveCfg = Release|Any CPU
		{4718CAAA-FCC4-4F7A-8D37-42AD4ABDD5C7}.Release|x86.Build.0 = Release|Any CPU
		{0A6728CB-1CF7-48D4-B470-D3592F162A79}.Debug|Any CPU.ActiveCfg = Debug|Any CPU
		{0A6728CB-1CF7-48D4-B470-D3592F162A79}.Debug|Any CPU.Build.0 = Debug|Any CPU
		{0A6728CB-1CF7-48D4-B470-D3592F162A79}.Debug|x64.ActiveCfg = Debug|Any CPU
		{0A6728CB-1CF7-48D4-B470-D3592F162A79}.Debug|x64.Build.0 = Debug|Any CPU
		{0A6728CB-1CF7-48D4-B470-D3592F162A79}.Debug|x86.ActiveCfg = Debug|Any CPU
		{0A6728CB-1CF7-48D4-B470-D3592F162A79}.Debug|x86.Build.0 = Debug|Any CPU
		{0A6728CB-1CF7-48D4-B470-D3592F162A79}.Release|Any CPU.ActiveCfg = Release|Any CPU
		{0A6728CB-1CF7-48D4-B470-D3592F162A79}.Release|Any CPU.Build.0 = Release|Any CPU
		{0A6728CB-1CF7-48D4-B470-D3592F162A79}.Release|x64.ActiveCfg = Release|Any CPU
		{0A6728CB-1CF7-48D4-B470-D3592F162A79}.Release|x64.Build.0 = Release|Any CPU
		{0A6728CB-1CF7-48D4-B470-D3592F162A79}.Release|x86.ActiveCfg = Release|Any CPU
		{0A6728CB-1CF7-48D4-B470-D3592F162A79}.Release|x86.Build.0 = Release|Any CPU
		{3C671916-BDAA-468E-973D-8CCB40BDE2DC}.Debug|Any CPU.ActiveCfg = Debug|Any CPU
		{3C671916-BDAA-468E-973D-8CCB40BDE2DC}.Debug|Any CPU.Build.0 = Debug|Any CPU
		{3C671916-BDAA-468E-973D-8CCB40BDE2DC}.Debug|x64.ActiveCfg = Debug|Any CPU
		{3C671916-BDAA-468E-973D-8CCB40BDE2DC}.Debug|x64.Build.0 = Debug|Any CPU
		{3C671916-BDAA-468E-973D-8CCB40BDE2DC}.Debug|x86.ActiveCfg = Debug|Any CPU
		{3C671916-BDAA-468E-973D-8CCB40BDE2DC}.Debug|x86.Build.0 = Debug|Any CPU
		{3C671916-BDAA-468E-973D-8CCB40BDE2DC}.Release|Any CPU.ActiveCfg = Release|Any CPU
		{3C671916-BDAA-468E-973D-8CCB40BDE2DC}.Release|Any CPU.Build.0 = Release|Any CPU
		{3C671916-BDAA-468E-973D-8CCB40BDE2DC}.Release|x64.ActiveCfg = Release|Any CPU
		{3C671916-BDAA-468E-973D-8CCB40BDE2DC}.Release|x64.Build.0 = Release|Any CPU
		{3C671916-BDAA-468E-973D-8CCB40BDE2DC}.Release|x86.ActiveCfg = Release|Any CPU
		{3C671916-BDAA-468E-973D-8CCB40BDE2DC}.Release|x86.Build.0 = Release|Any CPU
		{55CFBB9D-ACE4-4CEC-8B68-90A2ADB1103E}.Debug|Any CPU.ActiveCfg = Debug|Any CPU
		{55CFBB9D-ACE4-4CEC-8B68-90A2ADB1103E}.Debug|Any CPU.Build.0 = Debug|Any CPU
		{55CFBB9D-ACE4-4CEC-8B68-90A2ADB1103E}.Debug|x64.ActiveCfg = Debug|Any CPU
		{55CFBB9D-ACE4-4CEC-8B68-90A2ADB1103E}.Debug|x64.Build.0 = Debug|Any CPU
		{55CFBB9D-ACE4-4CEC-8B68-90A2ADB1103E}.Debug|x86.ActiveCfg = Debug|Any CPU
		{55CFBB9D-ACE4-4CEC-8B68-90A2ADB1103E}.Debug|x86.Build.0 = Debug|Any CPU
		{55CFBB9D-ACE4-4CEC-8B68-90A2ADB1103E}.Release|Any CPU.ActiveCfg = Release|Any CPU
		{55CFBB9D-ACE4-4CEC-8B68-90A2ADB1103E}.Release|Any CPU.Build.0 = Release|Any CPU
		{55CFBB9D-ACE4-4CEC-8B68-90A2ADB1103E}.Release|x64.ActiveCfg = Release|Any CPU
		{55CFBB9D-ACE4-4CEC-8B68-90A2ADB1103E}.Release|x64.Build.0 = Release|Any CPU
		{55CFBB9D-ACE4-4CEC-8B68-90A2ADB1103E}.Release|x86.ActiveCfg = Release|Any CPU
		{55CFBB9D-ACE4-4CEC-8B68-90A2ADB1103E}.Release|x86.Build.0 = Release|Any CPU
		{1D05EBFD-4E3F-4F1A-84DB-5CA2A6C2346E}.Debug|Any CPU.ActiveCfg = Debug|Any CPU
		{1D05EBFD-4E3F-4F1A-84DB-5CA2A6C2346E}.Debug|Any CPU.Build.0 = Debug|Any CPU
		{1D05EBFD-4E3F-4F1A-84DB-5CA2A6C2346E}.Debug|x64.ActiveCfg = Debug|Any CPU
		{1D05EBFD-4E3F-4F1A-84DB-5CA2A6C2346E}.Debug|x64.Build.0 = Debug|Any CPU
		{1D05EBFD-4E3F-4F1A-84DB-5CA2A6C2346E}.Debug|x86.ActiveCfg = Debug|Any CPU
		{1D05EBFD-4E3F-4F1A-84DB-5CA2A6C2346E}.Debug|x86.Build.0 = Debug|Any CPU
		{1D05EBFD-4E3F-4F1A-84DB-5CA2A6C2346E}.Release|Any CPU.ActiveCfg = Release|Any CPU
		{1D05EBFD-4E3F-4F1A-84DB-5CA2A6C2346E}.Release|Any CPU.Build.0 = Release|Any CPU
		{1D05EBFD-4E3F-4F1A-84DB-5CA2A6C2346E}.Release|x64.ActiveCfg = Release|Any CPU
		{1D05EBFD-4E3F-4F1A-84DB-5CA2A6C2346E}.Release|x64.Build.0 = Release|Any CPU
		{1D05EBFD-4E3F-4F1A-84DB-5CA2A6C2346E}.Release|x86.ActiveCfg = Release|Any CPU
		{1D05EBFD-4E3F-4F1A-84DB-5CA2A6C2346E}.Release|x86.Build.0 = Release|Any CPU
		{02A94F52-FC75-40A2-9EF6-4D5476A36180}.Debug|Any CPU.ActiveCfg = Debug|Any CPU
		{02A94F52-FC75-40A2-9EF6-4D5476A36180}.Debug|Any CPU.Build.0 = Debug|Any CPU
		{02A94F52-FC75-40A2-9EF6-4D5476A36180}.Debug|x64.ActiveCfg = Debug|Any CPU
		{02A94F52-FC75-40A2-9EF6-4D5476A36180}.Debug|x64.Build.0 = Debug|Any CPU
		{02A94F52-FC75-40A2-9EF6-4D5476A36180}.Debug|x86.ActiveCfg = Debug|Any CPU
		{02A94F52-FC75-40A2-9EF6-4D5476A36180}.Debug|x86.Build.0 = Debug|Any CPU
		{02A94F52-FC75-40A2-9EF6-4D5476A36180}.Release|Any CPU.ActiveCfg = Release|Any CPU
		{02A94F52-FC75-40A2-9EF6-4D5476A36180}.Release|Any CPU.Build.0 = Release|Any CPU
		{02A94F52-FC75-40A2-9EF6-4D5476A36180}.Release|x64.ActiveCfg = Release|Any CPU
		{02A94F52-FC75-40A2-9EF6-4D5476A36180}.Release|x64.Build.0 = Release|Any CPU
		{02A94F52-FC75-40A2-9EF6-4D5476A36180}.Release|x86.ActiveCfg = Release|Any CPU
		{02A94F52-FC75-40A2-9EF6-4D5476A36180}.Release|x86.Build.0 = Release|Any CPU
		{0A68E649-F5BA-4BC3-B61A-15B00C469CB1}.Debug|Any CPU.ActiveCfg = Debug|Any CPU
		{0A68E649-F5BA-4BC3-B61A-15B00C469CB1}.Debug|Any CPU.Build.0 = Debug|Any CPU
		{0A68E649-F5BA-4BC3-B61A-15B00C469CB1}.Debug|x64.ActiveCfg = Debug|Any CPU
		{0A68E649-F5BA-4BC3-B61A-15B00C469CB1}.Debug|x64.Build.0 = Debug|Any CPU
		{0A68E649-F5BA-4BC3-B61A-15B00C469CB1}.Debug|x86.ActiveCfg = Debug|Any CPU
		{0A68E649-F5BA-4BC3-B61A-15B00C469CB1}.Debug|x86.Build.0 = Debug|Any CPU
		{0A68E649-F5BA-4BC3-B61A-15B00C469CB1}.Release|Any CPU.ActiveCfg = Release|Any CPU
		{0A68E649-F5BA-4BC3-B61A-15B00C469CB1}.Release|Any CPU.Build.0 = Release|Any CPU
		{0A68E649-F5BA-4BC3-B61A-15B00C469CB1}.Release|x64.ActiveCfg = Release|Any CPU
		{0A68E649-F5BA-4BC3-B61A-15B00C469CB1}.Release|x64.Build.0 = Release|Any CPU
		{0A68E649-F5BA-4BC3-B61A-15B00C469CB1}.Release|x86.ActiveCfg = Release|Any CPU
		{0A68E649-F5BA-4BC3-B61A-15B00C469CB1}.Release|x86.Build.0 = Release|Any CPU
	EndGlobalSection
	GlobalSection(SolutionProperties) = preSolution
		HideSolutionNode = FALSE
	EndGlobalSection
EndGlobal
